{
  "object": {
    "pins": [
      {
        "package": "Kingfisher",
        "repositoryURL": "https://github.com/onevcat/Kingfisher.git",
        "state": {
          "branch": null,
          "revision": "0be276f6a7fd54af4c3eb03f2d12e12d8c8a1a1d",
          "version": "6.0.1"
        }
      },
      {
        "package": "SDWebImage",
        "repositoryURL": "https://github.com/SDWebImage/SDWebImage",
        "state": {
          "branch": null,
          "revision": "4aaca57fb2f6dc5554a2228cf1d94289bd0a6c7d",
          "version": "5.10.3"
        }
      }
    ]
  },
  "version": 1
}
