// !$*UTF8*$!
{
	archiveVersion = 1;
	classes = {
	};
	objectVersion = 50;
	objects = {

/* Begin PBXBuildFile section */
		4382281B259A455300103A4F /* AppDelegate.swift in Sources */ = {isa = PBXBuildFile; fileRef = 4382281A259A455300103A4F /* AppDelegate.swift */; };
		4382281D259A455300103A4F /* SceneDelegate.swift in Sources */ = {isa = PBXBuildFile; fileRef = 4382281C259A455300103A4F /* SceneDelegate.swift */; };
		4382281F259A455300103A4F /* ViewController.swift in Sources */ = {isa = PBXBuildFile; fileRef = 4382281E259A455300103A4F /* ViewController.swift */; };
		43822822259A455300103A4F /* Main.storyboard in Resources */ = {isa = PBXBuildFile; fileRef = 43822820259A455300103A4F /* Main.storyboard */; };
		43822824259A455300103A4F /* Assets.xcassets in Resources */ = {isa = PBXBuildFile; fileRef = 43822823259A455300103A4F /* Assets.xcassets */; };
		43822827259A455300103A4F /* LaunchScreen.storyboard in Resources */ = {isa = PBXBuildFile; fileRef = 43822825259A455300103A4F /* LaunchScreen.storyboard */; };
		43822832259A455400103A4F /* SnipDesignSustainablyTests.swift in Sources */ = {isa = PBXBuildFile; fileRef = 43822831259A455400103A4F /* SnipDesignSustainablyTests.swift */; };
		4382283D259A455400103A4F /* SnipDesignSustainablyUITests.swift in Sources */ = {isa = PBXBuildFile; fileRef = 4382283C259A455400103A4F /* SnipDesignSustainablyUITests.swift */; };
/* End PBXBuildFile section */

/* Begin PBXContainerItemProxy section */
		4382282E259A455400103A4F /* PBXContainerItemProxy */ = {
			isa = PBXContainerItemProxy;
			containerPortal = 4382280F259A455300103A4F /* Project object */;
			proxyType = 1;
			remoteGlobalIDString = 43822816259A455300103A4F;
			remoteInfo = SnipDesignSustainably;
		};
		43822839259A455400103A4F /* PBXContainerItemProxy */ = {
			isa = PBXContainerItemProxy;
			containerPortal = 4382280F259A455300103A4F /* Project object */;
			proxyType = 1;
			remoteGlobalIDString = 43822816259A455300103A4F;
			remoteInfo = SnipDesignSustainably;
		};
/* End PBXContainerItemProxy section */

/* Begin PBXFileReference section */
		43822817259A455300103A4F /* SnipDesignSustainably.app */ = {isa = PBXFileReference; explicitFileType = wrapper.application; includeInIndex = 0; path = SnipDesignSustainably.app; sourceTree = BUILT_PRODUCTS_DIR; };
		4382281A259A455300103A4F /* AppDelegate.swift */ = {isa = PBXFileReference; lastKnownFileType = sourcecode.swift; path = AppDelegate.swift; sourceTree = "<group>"; };
		4382281C259A455300103A4F /* SceneDelegate.swift */ = {isa = PBXFileReference; lastKnownFileType = sourcecode.swift; path = SceneDelegate.swift; sourceTree = "<group>"; };
		4382281E259A455300103A4F /* ViewController.swift */ = {isa = PBXFileReference; lastKnownFileType = sourcecode.swift; path = ViewController.swift; sourceTree = "<group>"; };
		43822821259A455300103A4F /* Base */ = {isa = PBXFileReference; lastKnownFileType = file.storyboard; name = Base; path = Base.lproj/Main.storyboard; sourceTree = "<group>"; };
		43822823259A455300103A4F /* Assets.xcassets */ = {isa = PBXFileReference; lastKnownFileType = folder.assetcatalog; path = Assets.xcassets; sourceTree = "<group>"; };
		43822826259A455300103A4F /* Base */ = {isa = PBXFileReference; lastKnownFileType = file.storyboard; name = Base; path = Base.lproj/LaunchScreen.storyboard; sourceTree = "<group>"; };
		43822828259A455300103A4F /* Info.plist */ = {isa = PBXFileReference; lastKnownFileType = text.plist.xml; path = Info.plist; sourceTree = "<group>"; };
		4382282D259A455400103A4F /* SnipDesignSustainablyTests.xctest */ = {isa = PBXFileReference; explicitFileType = wrapper.cfbundle; includeInIndex = 0; path = SnipDesignSustainablyTests.xctest; sourceTree = BUILT_PRODUCTS_DIR; };
		43822831259A455400103A4F /* SnipDesignSustainablyTests.swift */ = {isa = PBXFileReference; lastKnownFileType = sourcecode.swift; path = SnipDesignSustainablyTests.swift; sourceTree = "<group>"; };
		43822833259A455400103A4F /* Info.plist */ = {isa = PBXFileReference; lastKnownFileType = text.plist.xml; path = Info.plist; sourceTree = "<group>"; };
		43822838259A455400103A4F /* SnipDesignSustainablyUITests.xctest */ = {isa = PBXFileReference; explicitFileType = wrapper.cfbundle; includeInIndex = 0; path = SnipDesignSustainablyUITests.xctest; sourceTree = BUILT_PRODUCTS_DIR; };
		4382283C259A455400103A4F /* SnipDesignSustainablyUITests.swift */ = {isa = PBXFileReference; lastKnownFileType = sourcecode.swift; path = SnipDesignSustainablyUITests.swift; sourceTree = "<group>"; };
		4382283E259A455400103A4F /* Info.plist */ = {isa = PBXFileReference; lastKnownFileType = text.plist.xml; path = Info.plist; sourceTree = "<group>"; };
/* End PBXFileReference section */

/* Begin PBXFrameworksBuildPhase section */
		43822814259A455300103A4F /* Frameworks */ = {
			isa = PBXFrameworksBuildPhase;
			buildActionMask = 2147483647;
			files = (
			);
			runOnlyForDeploymentPostprocessing = 0;
		};
		4382282A259A455400103A4F /* Frameworks */ = {
			isa = PBXFrameworksBuildPhase;
			buildActionMask = 2147483647;
			files = (
			);
			runOnlyForDeploymentPostprocessing = 0;
		};
		43822835259A455400103A4F /* Frameworks */ = {
			isa = PBXFrameworksBuildPhase;
			buildActionMask = 2147483647;
			files = (
			);
			runOnlyForDeploymentPostprocessing = 0;
		};
/* End PBXFrameworksBuildPhase section */

/* Begin PBXGroup section */
		4382280E259A455300103A4F = {
			isa = PBXGroup;
			children = (
				43822819259A455300103A4F /* SnipDesignSustainably */,
				43822830259A455400103A4F /* SnipDesignSustainablyTests */,
				4382283B259A455400103A4F /* SnipDesignSustainablyUITests */,
				43822818259A455300103A4F /* Products */,
			);
			sourceTree = "<group>";
		};
		43822818259A455300103A4F /* Products */ = {
			isa = PBXGroup;
			children = (
				43822817259A455300103A4F /* SnipDesignSustainably.app */,
				4382282D259A455400103A4F /* SnipDesignSustainablyTests.xctest */,
				43822838259A455400103A4F /* SnipDesignSustainablyUITests.xctest */,
			);
			name = Products;
			sourceTree = "<group>";
		};
		43822819259A455300103A4F /* SnipDesignSustainably */ = {
			isa = PBXGroup;
			children = (
				4382281A259A455300103A4F /* AppDelegate.swift */,
				4382281C259A455300103A4F /* SceneDelegate.swift */,
				4382281E259A455300103A4F /* ViewController.swift */,
				43822820259A455300103A4F /* Main.storyboard */,
				43822823259A455300103A4F /* Assets.xcassets */,
				43822825259A455300103A4F /* LaunchScreen.storyboard */,
				43822828259A455300103A4F /* Info.plist */,
			);
			path = SnipDesignSustainably;
			sourceTree = "<group>";
		};
		43822830259A455400103A4F /* SnipDesignSustainablyTests */ = {
			isa = PBXGroup;
			children = (
				43822831259A455400103A4F /* SnipDesignSustainablyTests.swift */,
				43822833259A455400103A4F /* Info.plist */,
			);
			path = SnipDesignSustainablyTests;
			sourceTree = "<group>";
		};
		4382283B259A455400103A4F /* SnipDesignSustainablyUITests */ = {
			isa = PBXGroup;
			children = (
				4382283C259A455400103A4F /* SnipDesignSustainablyUITests.swift */,
				4382283E259A455400103A4F /* Info.plist */,
			);
			path = SnipDesignSustainablyUITests;
			sourceTree = "<group>";
		};
/* End PBXGroup section */

/* Begin PBXNativeTarget section */
		43822816259A455300103A4F /* SnipDesignSustainably */ = {
			isa = PBXNativeTarget;
			buildConfigurationList = 43822841259A455400103A4F /* Build configuration list for PBXNativeTarget "SnipDesignSustainably" */;
			buildPhases = (
				43822813259A455300103A4F /* Sources */,
				43822814259A455300103A4F /* Frameworks */,
				43822815259A455300103A4F /* Resources */,
			);
			buildRules = (
			);
			dependencies = (
			);
			name = SnipDesignSustainably;
			productName = SnipDesignSustainably;
			productReference = 43822817259A455300103A4F /* SnipDesignSustainably.app */;
			productType = "com.apple.product-type.application";
		};
		4382282C259A455400103A4F /* SnipDesignSustainablyTests */ = {
			isa = PBXNativeTarget;
			buildConfigurationList = 43822844259A455400103A4F /* Build configuration list for PBXNativeTarget "SnipDesignSustainablyTests" */;
			buildPhases = (
				43822829259A455400103A4F /* Sources */,
				4382282A259A455400103A4F /* Frameworks */,
				4382282B259A455400103A4F /* Resources */,
			);
			buildRules = (
			);
			dependencies = (
				4382282F259A455400103A4F /* PBXTargetDependency */,
			);
			name = SnipDesignSustainablyTests;
			productName = SnipDesignSustainablyTests;
			productReference = 4382282D259A455400103A4F /* SnipDesignSustainablyTests.xctest */;
			productType = "com.apple.product-type.bundle.unit-test";
		};
		43822837259A455400103A4F /* SnipDesignSustainablyUITests */ = {
			isa = PBXNativeTarget;
			buildConfigurationList = 43822847259A455400103A4F /* Build configuration list for PBXNativeTarget "SnipDesignSustainablyUITests" */;
			buildPhases = (
				43822834259A455400103A4F /* Sources */,
				43822835259A455400103A4F /* Frameworks */,
				43822836259A455400103A4F /* Resources */,
			);
			buildRules = (
			);
			dependencies = (
				4382283A259A455400103A4F /* PBXTargetDependency */,
			);
			name = SnipDesignSustainablyUITests;
			productName = SnipDesignSustainablyUITests;
			productReference = 43822838259A455400103A4F /* SnipDesignSustainablyUITests.xctest */;
			productType = "com.apple.product-type.bundle.ui-testing";
		};
/* End PBXNativeTarget section */

/* Begin PBXProject section */
		4382280F259A455300103A4F /* Project object */ = {
			isa = PBXProject;
			attributes = {
				LastSwiftUpdateCheck = 1230;
				LastUpgradeCheck = 1230;
				TargetAttributes = {
					43822816259A455300103A4F = {
						CreatedOnToolsVersion = 12.3;
					};
					4382282C259A455400103A4F = {
						CreatedOnToolsVersion = 12.3;
						TestTargetID = 43822816259A455300103A4F;
					};
					43822837259A455400103A4F = {
						CreatedOnToolsVersion = 12.3;
						TestTargetID = 43822816259A455300103A4F;
					};
				};
			};
			buildConfigurationList = 43822812259A455300103A4F /* Build configuration list for PBXProject "SnipDesignSustainably" */;
			compatibilityVersion = "Xcode 9.3";
			developmentRegion = en;
			hasScannedForEncodings = 0;
			knownRegions = (
				en,
				Base,
			);
			mainGroup = 4382280E259A455300103A4F;
			productRefGroup = 43822818259A455300103A4F /* Products */;
			projectDirPath = "";
			projectRoot = "";
			targets = (
				43822816259A455300103A4F /* SnipDesignSustainably */,
				4382282C259A455400103A4F /* SnipDesignSustainablyTests */,
				43822837259A455400103A4F /* SnipDesignSustainablyUITests */,
			);
		};
/* End PBXProject section */

/* Begin PBXResourcesBuildPhase section */
		43822815259A455300103A4F /* Resources */ = {
			isa = PBXResourcesBuildPhase;
			buildActionMask = 2147483647;
			files = (
				43822827259A455300103A4F /* LaunchScreen.storyboard in Resources */,
				43822824259A455300103A4F /* Assets.xcassets in Resources */,
				43822822259A455300103A4F /* Main.storyboard in Resources */,
			);
			runOnlyForDeploymentPostprocessing = 0;
		};
		4382282B259A455400103A4F /* Resources */ = {
			isa = PBXResourcesBuildPhase;
			buildActionMask = 2147483647;
			files = (
			);
			runOnlyForDeploymentPostprocessing = 0;
		};
		43822836259A455400103A4F /* Resources */ = {
			isa = PBXResourcesBuildPhase;
			buildActionMask = 2147483647;
			files = (
			);
			runOnlyForDeploymentPostprocessing = 0;
		};
/* End PBXResourcesBuildPhase section */

/* Begin PBXSourcesBuildPhase section */
		43822813259A455300103A4F /* Sources */ = {
			isa = PBXSourcesBuildPhase;
			buildActionMask = 2147483647;
			files = (
				4382281F259A455300103A4F /* ViewController.swift in Sources */,
				4382281B259A455300103A4F /* AppDelegate.swift in Sources */,
				4382281D259A455300103A4F /* SceneDelegate.swift in Sources */,
			);
			runOnlyForDeploymentPostprocessing = 0;
		};
		43822829259A455400103A4F /* Sources */ = {
			isa = PBXSourcesBuildPhase;
			buildActionMask = 2147483647;
			files = (
				43822832259A455400103A4F /* SnipDesignSustainablyTests.swift in Sources */,
			);
			runOnlyForDeploymentPostprocessing = 0;
		};
		43822834259A455400103A4F /* Sources */ = {
			isa = PBXSourcesBuildPhase;
			buildActionMask = 2147483647;
			files = (
				4382283D259A455400103A4F /* SnipDesignSustainablyUITests.swift in Sources */,
			);
			runOnlyForDeploymentPostprocessing = 0;
		};
/* End PBXSourcesBuildPhase section */

/* Begin PBXTargetDependency section */
		4382282F259A455400103A4F /* PBXTargetDependency */ = {
			isa = PBXTargetDependency;
			target = 43822816259A455300103A4F /* SnipDesignSustainably */;
			targetProxy = 4382282E259A455400103A4F /* PBXContainerItemProxy */;
		};
		4382283A259A455400103A4F /* PBXTargetDependency */ = {
			isa = PBXTargetDependency;
			target = 43822816259A455300103A4F /* SnipDesignSustainably */;
			targetProxy = 43822839259A455400103A4F /* PBXContainerItemProxy */;
		};
/* End PBXTargetDependency section */

/* Begin PBXVariantGroup section */
		43822820259A455300103A4F /* Main.storyboard */ = {
			isa = PBXVariantGroup;
			children = (
				43822821259A455300103A4F /* Base */,
			);
			name = Main.storyboard;
			sourceTree = "<group>";
		};
		43822825259A455300103A4F /* LaunchScreen.storyboard */ = {
			isa = PBXVariantGroup;
			children = (
				43822826259A455300103A4F /* Base */,
			);
			name = LaunchScreen.storyboard;
			sourceTree = "<group>";
		};
/* End PBXVariantGroup section */

/* Begin XCBuildConfiguration section */
		4382283F259A455400103A4F /* Debug */ = {
			isa = XCBuildConfiguration;
			buildSettings = {
				ALWAYS_SEARCH_USER_PATHS = NO;
				CLANG_ANALYZER_NONNULL = YES;
				CLANG_ANALYZER_NUMBER_OBJECT_CONVERSION = YES_AGGRESSIVE;
				CLANG_CXX_LANGUAGE_STANDARD = "gnu++14";
				CLANG_CXX_LIBRARY = "libc++";
				CLANG_ENABLE_MODULES = YES;
				CLANG_ENABLE_OBJC_ARC = YES;
				CLANG_ENABLE_OBJC_WEAK = YES;
				CLANG_WARN_BLOCK_CAPTURE_AUTORELEASING = YES;
				CLANG_WARN_BOOL_CONVERSION = YES;
				CLANG_WARN_COMMA = YES;
				CLANG_WARN_CONSTANT_CONVERSION = YES;
				CLANG_WARN_DEPRECATED_OBJC_IMPLEMENTATIONS = YES;
				CLANG_WARN_DIRECT_OBJC_ISA_USAGE = YES_ERROR;
				CLANG_WARN_DOCUMENTATION_COMMENTS = YES;
				CLANG_WARN_EMPTY_BODY = YES;
				CLANG_WARN_ENUM_CONVERSION = YES;
				CLANG_WARN_INFINITE_RECURSION = YES;
				CLANG_WARN_INT_CONVERSION = YES;
				CLANG_WARN_NON_LITERAL_NULL_CONVERSION = YES;
				CLANG_WARN_OBJC_IMPLICIT_RETAIN_SELF = YES;
				CLANG_WARN_OBJC_LITERAL_CONVERSION = YES;
				CLANG_WARN_OBJC_ROOT_CLASS = YES_ERROR;
				CLANG_WARN_QUOTED_INCLUDE_IN_FRAMEWORK_HEADER = YES;
				CLANG_WARN_RANGE_LOOP_ANALYSIS = YES;
				CLANG_WARN_STRICT_PROTOTYPES = YES;
				CLANG_WARN_SUSPICIOUS_MOVE = YES;
				CLANG_WARN_UNGUARDED_AVAILABILITY = YES_AGGRESSIVE;
				CLANG_WARN_UNREACHABLE_CODE = YES;
				CLANG_WARN__DUPLICATE_METHOD_MATCH = YES;
				COPY_PHASE_STRIP = NO;
				DEBUG_INFORMATION_FORMAT = dwarf;
				ENABLE_STRICT_OBJC_MSGSEND = YES;
				ENABLE_TESTABILITY = YES;
				GCC_C_LANGUAGE_STANDARD = gnu11;
				GCC_DYNAMIC_NO_PIC = NO;
				GCC_NO_COMMON_BLOCKS = YES;
				GCC_OPTIMIZATION_LEVEL = 0;
				GCC_PREPROCESSOR_DEFINITIONS = (
					"DEBUG=1",
					"$(inherited)",
				);
				GCC_WARN_64_TO_32_BIT_CONVERSION = YES;
				GCC_WARN_ABOUT_RETURN_TYPE = YES_ERROR;
				GCC_WARN_UNDECLARED_SELECTOR = YES;
				GCC_WARN_UNINITIALIZED_AUTOS = YES_AGGRESSIVE;
				GCC_WARN_UNUSED_FUNCTION = YES;
				GCC_WARN_UNUSED_VARIABLE = YES;
				IPHONEOS_DEPLOYMENT_TARGET = 14.3;
				MTL_ENABLE_DEBUG_INFO = INCLUDE_SOURCE;
				MTL_FAST_MATH = YES;
				ONLY_ACTIVE_ARCH = YES;
				SDKROOT = iphoneos;
				SWIFT_ACTIVE_COMPILATION_CONDITIONS = DEBUG;
				SWIFT_OPTIMIZATION_LEVEL = "-Onone";
			};
			name = Debug;
		};
		43822840259A455400103A4F /* Release */ = {
			isa = XCBuildConfiguration;
			buildSettings = {
				ALWAYS_SEARCH_USER_PATHS = NO;
				CLANG_ANALYZER_NONNULL = YES;
				CLANG_ANALYZER_NUMBER_OBJECT_CONVERSION = YES_AGGRESSIVE;
				CLANG_CXX_LANGUAGE_STANDARD = "gnu++14";
				CLANG_CXX_LIBRARY = "libc++";
				CLANG_ENABLE_MODULES = YES;
				CLANG_ENABLE_OBJC_ARC = YES;
				CLANG_ENABLE_OBJC_WEAK = YES;
				CLANG_WARN_BLOCK_CAPTURE_AUTORELEASING = YES;
				CLANG_WARN_BOOL_CONVERSION = YES;
				CLANG_WARN_COMMA = YES;
				CLANG_WARN_CONSTANT_CONVERSION = YES;
				CLANG_WARN_DEPRECATED_OBJC_IMPLEMENTATIONS = YES;
				CLANG_WARN_DIRECT_OBJC_ISA_USAGE = YES_ERROR;
				CLANG_WARN_DOCUMENTATION_COMMENTS = YES;
				CLANG_WARN_EMPTY_BODY = YES;
				CLANG_WARN_ENUM_CONVERSION = YES;
				CLANG_WARN_INFINITE_RECURSION = YES;
				CLANG_WARN_INT_CONVERSION = YES;
				CLANG_WARN_NON_LITERAL_NULL_CONVERSION = YES;
				CLANG_WARN_OBJC_IMPLICIT_RETAIN_SELF = YES;
				CLANG_WARN_OBJC_LITERAL_CONVERSION = YES;
				CLANG_WARN_OBJC_ROOT_CLASS = YES_ERROR;
				CLANG_WARN_QUOTED_INCLUDE_IN_FRAMEWORK_HEADER = YES;
				CLANG_WARN_RANGE_LOOP_ANALYSIS = YES;
				CLANG_WARN_STRICT_PROTOTYPES = YES;
				CLANG_WARN_SUSPICIOUS_MOVE = YES;
				CLANG_WARN_UNGUARDED_AVAILABILITY = YES_AGGRESSIVE;
				CLANG_WARN_UNREACHABLE_CODE = YES;
				CLANG_WARN__DUPLICATE_METHOD_MATCH = YES;
				COPY_PHASE_STRIP = NO;
				DEBUG_INFORMATION_FORMAT = "dwarf-with-dsym";
				ENABLE_NS_ASSERTIONS = NO;
				ENABLE_STRICT_OBJC_MSGSEND = YES;
				GCC_C_LANGUAGE_STANDARD = gnu11;
				GCC_NO_COMMON_BLOCKS = YES;
				GCC_WARN_64_TO_32_BIT_CONVERSION = YES;
				GCC_WARN_ABOUT_RETURN_TYPE = YES_ERROR;
				GCC_WARN_UNDECLARED_SELECTOR = YES;
				GCC_WARN_UNINITIALIZED_AUTOS = YES_AGGRESSIVE;
				GCC_WARN_UNUSED_FUNCTION = YES;
				GCC_WARN_UNUSED_VARIABLE = YES;
				IPHONEOS_DEPLOYMENT_TARGET = 14.3;
				MTL_ENABLE_DEBUG_INFO = NO;
				MTL_FAST_MATH = YES;
				SDKROOT = iphoneos;
				SWIFT_COMPILATION_MODE = wholemodule;
				SWIFT_OPTIMIZATION_LEVEL = "-O";
				VALIDATE_PRODUCT = YES;
			};
			name = Release;
		};
		43822842259A455400103A4F /* Debug */ = {
			isa = XCBuildConfiguration;
			buildSettings = {
				ASSETCATALOG_COMPILER_APPICON_NAME = AppIcon;
				ASSETCATALOG_COMPILER_GLOBAL_ACCENT_COLOR_NAME = AccentColor;
				CODE_SIGN_STYLE = Automatic;
				INFOPLIST_FILE = SnipDesignSustainably/Info.plist;
				LD_RUNPATH_SEARCH_PATHS = (
					"$(inherited)",
					"@executable_path/Frameworks",
				);
				PRODUCT_BUNDLE_IDENTIFIER = "Aesthet-X-.SnipDesignSustainably";
				PRODUCT_NAME = "$(TARGET_NAME)";
				SWIFT_VERSION = 5.0;
				TARGETED_DEVICE_FAMILY = "1,2";
			};
			name = Debug;
		};
		43822843259A455400103A4F /* Release */ = {
			isa = XCBuildConfiguration;
			buildSettings = {
				ASSETCATALOG_COMPILER_APPICON_NAME = AppIcon;
				ASSETCATALOG_COMPILER_GLOBAL_ACCENT_COLOR_NAME = AccentColor;
				CODE_SIGN_STYLE = Automatic;
				INFOPLIST_FILE = SnipDesignSustainably/Info.plist;
				LD_RUNPATH_SEARCH_PATHS = (
					"$(inherited)",
					"@executable_path/Frameworks",
				);
				PRODUCT_BUNDLE_IDENTIFIER = "Aesthet-X-.SnipDesignSustainably";
				PRODUCT_NAME = "$(TARGET_NAME)";
				SWIFT_VERSION = 5.0;
				TARGETED_DEVICE_FAMILY = "1,2";
			};
			name = Release;
		};
		43822845259A455400103A4F /* Debug */ = {
			isa = XCBuildConfiguration;
			buildSettings = {
				ALWAYS_EMBED_SWIFT_STANDARD_LIBRARIES = YES;
				BUNDLE_LOADER = "$(TEST_HOST)";
				CODE_SIGN_STYLE = Automatic;
				INFOPLIST_FILE = SnipDesignSustainablyTests/Info.plist;
				IPHONEOS_DEPLOYMENT_TARGET = 14.3;
				LD_RUNPATH_SEARCH_PATHS = (
					"$(inherited)",
					"@executable_path/Frameworks",
					"@loader_path/Frameworks",
				);
				PRODUCT_BUNDLE_IDENTIFIER = "Aesthet-X-.SnipDesignSustainablyTests";
				PRODUCT_NAME = "$(TARGET_NAME)";
				SWIFT_VERSION = 5.0;
				TARGETED_DEVICE_FAMILY = "1,2";
				TEST_HOST = "$(BUILT_PRODUCTS_DIR)/SnipDesignSustainably.app/SnipDesignSustainably";
			};
			name = Debug;
		};
		43822846259A455400103A4F /* Release */ = {
			isa = XCBuildConfiguration;
			buildSettings = {
				ALWAYS_EMBED_SWIFT_STANDARD_LIBRARIES = YES;
				BUNDLE_LOADER = "$(TEST_HOST)";
				CODE_SIGN_STYLE = Automatic;
				INFOPLIST_FILE = SnipDesignSustainablyTests/Info.plist;
				IPHONEOS_DEPLOYMENT_TARGET = 14.3;
				LD_RUNPATH_SEARCH_PATHS = (
					"$(inherited)",
					"@executable_path/Frameworks",
					"@loader_path/Frameworks",
				);
				PRODUCT_BUNDLE_IDENTIFIER = "Aesthet-X-.SnipDesignSustainablyTests";
				PRODUCT_NAME = "$(TARGET_NAME)";
				SWIFT_VERSION = 5.0;
				TARGETED_DEVICE_FAMILY = "1,2";
				TEST_HOST = "$(BUILT_PRODUCTS_DIR)/SnipDesignSustainably.app/SnipDesignSustainably";
			};
			name = Release;
		};
		43822848259A455400103A4F /* Debug */ = {
			isa = XCBuildConfiguration;
			buildSettings = {
				ALWAYS_EMBED_SWIFT_STANDARD_LIBRARIES = YES;
				CODE_SIGN_STYLE = Automatic;
				INFOPLIST_FILE = SnipDesignSustainablyUITests/Info.plist;
				LD_RUNPATH_SEARCH_PATHS = (
					"$(inherited)",
					"@executable_path/Frameworks",
					"@loader_path/Frameworks",
				);
				PRODUCT_BUNDLE_IDENTIFIER = "Aesthet-X-.SnipDesignSustainablyUITests";
				PRODUCT_NAME = "$(TARGET_NAME)";
				SWIFT_VERSION = 5.0;
				TARGETED_DEVICE_FAMILY = "1,2";
				TEST_TARGET_NAME = SnipDesignSustainably;
			};
			name = Debug;
		};
		43822849259A455400103A4F /* Release */ = {
			isa = XCBuildConfiguration;
			buildSettings = {
				ALWAYS_EMBED_SWIFT_STANDARD_LIBRARIES = YES;
				CODE_SIGN_STYLE = Automatic;
				INFOPLIST_FILE = SnipDesignSustainablyUITests/Info.plist;
				LD_RUNPATH_SEARCH_PATHS = (
					"$(inherited)",
					"@executable_path/Frameworks",
					"@loader_path/Frameworks",
				);
				PRODUCT_BUNDLE_IDENTIFIER = "Aesthet-X-.SnipDesignSustainablyUITests";
				PRODUCT_NAME = "$(TARGET_NAME)";
				SWIFT_VERSION = 5.0;
				TARGETED_DEVICE_FAMILY = "1,2";
				TEST_TARGET_NAME = SnipDesignSustainably;
			};
			name = Release;
		};
/* End XCBuildConfiguration section */

/* Begin XCConfigurationList section */
		43822812259A455300103A4F /* Build configuration list for PBXProject "SnipDesignSustainably" */ = {
			isa = XCConfigurationList;
			buildConfigurations = (
				4382283F259A455400103A4F /* Debug */,
				43822840259A455400103A4F /* Release */,
			);
			defaultConfigurationIsVisible = 0;
			defaultConfigurationName = Release;
		};
		43822841259A455400103A4F /* Build configuration list for PBXNativeTarget "SnipDesignSustainably" */ = {
			isa = XCConfigurationList;
			buildConfigurations = (
				43822842259A455400103A4F /* Debug */,
				43822843259A455400103A4F /* Release */,
			);
			defaultConfigurationIsVisible = 0;
			defaultConfigurationName = Release;
		};
		43822844259A455400103A4F /* Build configuration list for PBXNativeTarget "SnipDesignSustainablyTests" */ = {
			isa = XCConfigurationList;
			buildConfigurations = (
				43822845259A455400103A4F /* Debug */,
				43822846259A455400103A4F /* Release */,
			);
			defaultConfigurationIsVisible = 0;
			defaultConfigurationName = Release;
		};
		43822847259A455400103A4F /* Build configuration list for PBXNativeTarget "SnipDesignSustainablyUITests" */ = {
			isa = XCConfigurationList;
			buildConfigurations = (
				43822848259A455400103A4F /* Debug */,
				43822849259A455400103A4F /* Release */,
			);
			defaultConfigurationIsVisible = 0;
			defaultConfigurationName = Release;
		};
/* End XCConfigurationList section */
	};
	rootObject = 4382280F259A455300103A4F /* Project object */;
}
