// !$*UTF8*$!
{
	archiveVersion = 1;
	classes = {
	};
	objectVersion = 52;
	objects = {

/* Begin PBXBuildFile section */
		3AD4D8455B5DC78D3C07D1FF /* Pods_SnipDesignSustainably.framework in Frameworks */ = {isa = PBXBuildFile; fileRef = 00445006F1174A274F252B6E /* Pods_SnipDesignSustainably.framework */; };
		430AD42925E700770014C25F /* userLoginInfo.xcdatamodeld in Sources */ = {isa = PBXBuildFile; fileRef = 430AD42725E700770014C25F /* userLoginInfo.xcdatamodeld */; };
		430FF46E25CC8E9A005ECB65 /* SavedViewController.swift in Sources */ = {isa = PBXBuildFile; fileRef = 430FF46D25CC8E9A005ECB65 /* SavedViewController.swift */; };
		430FF47325CC936D005ECB65 /* SavedDetailsViewController.swift in Sources */ = {isa = PBXBuildFile; fileRef = 430FF47225CC936D005ECB65 /* SavedDetailsViewController.swift */; };
		430FF47825CD9EE3005ECB65 /* ShareViewController.swift in Sources */ = {isa = PBXBuildFile; fileRef = 430FF47725CD9EE3005ECB65 /* ShareViewController.swift */; };
		430FF48025CDA324005ECB65 /* CollectionViewCell1.swift in Sources */ = {isa = PBXBuildFile; fileRef = 430FF47F25CDA324005ECB65 /* CollectionViewCell1.swift */; };
		432C31F025C1E05200FA230A /* DIYTypeViewController.swift in Sources */ = {isa = PBXBuildFile; fileRef = 432C31EF25C1E05200FA230A /* DIYTypeViewController.swift */; };
		432C31F525C1E17400FA230A /* AgeViewController.swift in Sources */ = {isa = PBXBuildFile; fileRef = 432C31F425C1E17400FA230A /* AgeViewController.swift */; };
		432C31FA25C1E48100FA230A /* ExperienceViewController.swift in Sources */ = {isa = PBXBuildFile; fileRef = 432C31F925C1E48100FA230A /* ExperienceViewController.swift */; };
		432C321025C1E8BC00FA230A /* LoadingViewController.swift in Sources */ = {isa = PBXBuildFile; fileRef = 432C320F25C1E8BC00FA230A /* LoadingViewController.swift */; };
		432C321925C1EA3800FA230A /* HomeViewController.swift in Sources */ = {isa = PBXBuildFile; fileRef = 432C321825C1EA3800FA230A /* HomeViewController.swift */; };
		432C322125C2041A00FA230A /* NavViewController.swift in Sources */ = {isa = PBXBuildFile; fileRef = 432C322025C2041A00FA230A /* NavViewController.swift */; };
		432C322625C21E0C00FA230A /* user.json in Resources */ = {isa = PBXBuildFile; fileRef = 432C322525C21E0C00FA230A /* user.json */; };
		432C322B25C2242200FA230A /* Constants.swift in Sources */ = {isa = PBXBuildFile; fileRef = 432C322A25C2242200FA230A /* Constants.swift */; };
		432C323425C2250100FA230A /* HomeTableViewCell.swift in Sources */ = {isa = PBXBuildFile; fileRef = 432C323325C2250100FA230A /* HomeTableViewCell.swift */; };
		432C323D25C2259A00FA230A /* HomeCell.swift in Sources */ = {isa = PBXBuildFile; fileRef = 432C323C25C2259A00FA230A /* HomeCell.swift */; };
		435270D625C477A00009BE5B /* ExploreViewController.swift in Sources */ = {isa = PBXBuildFile; fileRef = 435270D525C477A00009BE5B /* ExploreViewController.swift */; };
		435270DB25C479640009BE5B /* CollectionViewCell.swift in Sources */ = {isa = PBXBuildFile; fileRef = 435270DA25C479640009BE5B /* CollectionViewCell.swift */; };
		4358E38E25C35CCE00695C73 /* Kingfisher in Frameworks */ = {isa = PBXBuildFile; productRef = 4358E38D25C35CCE00695C73 /* Kingfisher */; };
		4382281B259A455300103A4F /* AppDelegate.swift in Sources */ = {isa = PBXBuildFile; fileRef = 4382281A259A455300103A4F /* AppDelegate.swift */; };
		4382281D259A455300103A4F /* SceneDelegate.swift in Sources */ = {isa = PBXBuildFile; fileRef = 4382281C259A455300103A4F /* SceneDelegate.swift */; };
		4382281F259A455300103A4F /* ViewController.swift in Sources */ = {isa = PBXBuildFile; fileRef = 4382281E259A455300103A4F /* ViewController.swift */; };
		43822822259A455300103A4F /* Main.storyboard in Resources */ = {isa = PBXBuildFile; fileRef = 43822820259A455300103A4F /* Main.storyboard */; };
		43822824259A455300103A4F /* Assets.xcassets in Resources */ = {isa = PBXBuildFile; fileRef = 43822823259A455300103A4F /* Assets.xcassets */; };
		43822827259A455300103A4F /* LaunchScreen.storyboard in Resources */ = {isa = PBXBuildFile; fileRef = 43822825259A455300103A4F /* LaunchScreen.storyboard */; };
		43822832259A455400103A4F /* SnipDesignSustainablyTests.swift in Sources */ = {isa = PBXBuildFile; fileRef = 43822831259A455400103A4F /* SnipDesignSustainablyTests.swift */; };
		4382283D259A455400103A4F /* SnipDesignSustainablyUITests.swift in Sources */ = {isa = PBXBuildFile; fileRef = 4382283C259A455400103A4F /* SnipDesignSustainablyUITests.swift */; };
		4382284E259A45A600103A4F /* Screen Shot 2020-12-28 at 8.53.18 AM.png in Resources */ = {isa = PBXBuildFile; fileRef = 4382284D259A45A600103A4F /* Screen Shot 2020-12-28 at 8.53.18 AM.png */; };
		43822856259A495B00103A4F /* SignUpVC.swift in Sources */ = {isa = PBXBuildFile; fileRef = 43822855259A495B00103A4F /* SignUpVC.swift */; };
		4382285B259A4BE800103A4F /* LoginVC.swift in Sources */ = {isa = PBXBuildFile; fileRef = 4382285A259A4BE800103A4F /* LoginVC.swift */; };
		43822860259A4D0200103A4F /* SplashVC.swift in Sources */ = {isa = PBXBuildFile; fileRef = 4382285F259A4D0200103A4F /* SplashVC.swift */; };
		4382FAB125E9A44200816A4B /* GameOverviewTableViewCell.swift in Sources */ = {isa = PBXBuildFile; fileRef = 4382FAB025E9A44200816A4B /* GameOverviewTableViewCell.swift */; };
		4382FAB625E9A44900816A4B /* GameRatingsTableViewCell.swift in Sources */ = {isa = PBXBuildFile; fileRef = 4382FAB525E9A44900816A4B /* GameRatingsTableViewCell.swift */; };
		4382FABB25E9A45600816A4B /* UpdatesTableViewCell.swift in Sources */ = {isa = PBXBuildFile; fileRef = 4382FABA25E9A45600816A4B /* UpdatesTableViewCell.swift */; };
		4382FAC025E9A7CF00816A4B /* StrechyHeaderView.swift in Sources */ = {isa = PBXBuildFile; fileRef = 4382FABF25E9A7CF00816A4B /* StrechyHeaderView.swift */; };
		4382FAC525E9A8AE00816A4B /* CustomNavBar.swift in Sources */ = {isa = PBXBuildFile; fileRef = 4382FAC425E9A8AE00816A4B /* CustomNavBar.swift */; };
		43A89ED725EC372300C943FF /* HomeDataProvider.swift in Sources */ = {isa = PBXBuildFile; fileRef = 43A89ED625EC372300C943FF /* HomeDataProvider.swift */; };
		43A89EDC25EC38A800C943FF /* HomeViewModel.swift in Sources */ = {isa = PBXBuildFile; fileRef = 43A89EDB25EC38A800C943FF /* HomeViewModel.swift */; };
		43A89EE725EC432300C943FF /* FirstUSeViewController.swift in Sources */ = {isa = PBXBuildFile; fileRef = 43A89EE625EC432300C943FF /* FirstUSeViewController.swift */; };
		43AAF33725E80623007FA4E9 /* userSingleton.swift in Sources */ = {isa = PBXBuildFile; fileRef = 43AAF33625E80623007FA4E9 /* userSingleton.swift */; };
		43BCBB3425D2226400FCAD6A /* ProgramaticProfileViewController.swift in Sources */ = {isa = PBXBuildFile; fileRef = 43BCBB3325D2226400FCAD6A /* ProgramaticProfileViewController.swift */; };
		43BCBB3925D2292500FCAD6A /* UIView.swift in Sources */ = {isa = PBXBuildFile; fileRef = 43BCBB3825D2292500FCAD6A /* UIView.swift */; };
		43C938F825E94BD600278F8D /* ProfileViewModel.swift in Sources */ = {isa = PBXBuildFile; fileRef = 43C938F725E94BD600278F8D /* ProfileViewModel.swift */; };
		43C938FD25E94C2500278F8D /* ProfileViewController1.swift in Sources */ = {isa = PBXBuildFile; fileRef = 43C938FC25E94C2500278F8D /* ProfileViewController1.swift */; };
		43C9390525E94C7D00278F8D /* UserModel.swift in Sources */ = {isa = PBXBuildFile; fileRef = 43C9390425E94C7D00278F8D /* UserModel.swift */; };
		43C9390D25E94D8300278F8D /* ProfileDataProvider.swift in Sources */ = {isa = PBXBuildFile; fileRef = 43C9390C25E94D8300278F8D /* ProfileDataProvider.swift */; };
		43D3F71725EC2A45006F94D9 /* TabViewController.swift in Sources */ = {isa = PBXBuildFile; fileRef = 43D3F71625EC2A45006F94D9 /* TabViewController.swift */; };
		43D3F71D25EC2DF0006F94D9 /* HomeModel.swift in Sources */ = {isa = PBXBuildFile; fileRef = 43D3F71C25EC2DF0006F94D9 /* HomeModel.swift */; };
		43E589DB25C312F600E6F759 /* SearchViewController.swift in Sources */ = {isa = PBXBuildFile; fileRef = 43E589DA25C312F500E6F759 /* SearchViewController.swift */; };
		43E589E025C3130D00E6F759 /* Restaurant.swift in Sources */ = {isa = PBXBuildFile; fileRef = 43E589DF25C3130D00E6F759 /* Restaurant.swift */; };
		43E589E525C3131B00E6F759 /* restCell.swift in Sources */ = {isa = PBXBuildFile; fileRef = 43E589E425C3131B00E6F759 /* restCell.swift */; };
		88E4FF260896F60F11897EAB /* Pods_SnipDesignSustainably_SnipDesignSustainablyUITests.framework in Frameworks */ = {isa = PBXBuildFile; fileRef = 06A6758DA30FB73FF74B45E5 /* Pods_SnipDesignSustainably_SnipDesignSustainablyUITests.framework */; };
		D28B5488BACE1293C1D2FCDD /* Pods_SnipDesignSustainablyTests.framework in Frameworks */ = {isa = PBXBuildFile; fileRef = A754FB694598BCD0C9CDB95B /* Pods_SnipDesignSustainablyTests.framework */; };
/* End PBXBuildFile section */

/* Begin PBXContainerItemProxy section */
		4382282E259A455400103A4F /* PBXContainerItemProxy */ = {
			isa = PBXContainerItemProxy;
			containerPortal = 4382280F259A455300103A4F /* Project object */;
			proxyType = 1;
			remoteGlobalIDString = 43822816259A455300103A4F;
			remoteInfo = SnipDesignSustainably;
		};
		43822839259A455400103A4F /* PBXContainerItemProxy */ = {
			isa = PBXContainerItemProxy;
			containerPortal = 4382280F259A455300103A4F /* Project object */;
			proxyType = 1;
			remoteGlobalIDString = 43822816259A455300103A4F;
			remoteInfo = SnipDesignSustainably;
		};
/* End PBXContainerItemProxy section */

/* Begin PBXFileReference section */
		00445006F1174A274F252B6E /* Pods_SnipDesignSustainably.framework */ = {isa = PBXFileReference; explicitFileType = wrapper.framework; includeInIndex = 0; path = Pods_SnipDesignSustainably.framework; sourceTree = BUILT_PRODUCTS_DIR; };
		06A6758DA30FB73FF74B45E5 /* Pods_SnipDesignSustainably_SnipDesignSustainablyUITests.framework */ = {isa = PBXFileReference; explicitFileType = wrapper.framework; includeInIndex = 0; path = Pods_SnipDesignSustainably_SnipDesignSustainablyUITests.framework; sourceTree = BUILT_PRODUCTS_DIR; };
		430AD42825E700770014C25F /* userLoginInfo.xcdatamodel */ = {isa = PBXFileReference; lastKnownFileType = wrapper.xcdatamodel; path = userLoginInfo.xcdatamodel; sourceTree = "<group>"; };
		430FF46D25CC8E9A005ECB65 /* SavedViewController.swift */ = {isa = PBXFileReference; lastKnownFileType = sourcecode.swift; path = SavedViewController.swift; sourceTree = "<group>"; };
		430FF47225CC936D005ECB65 /* SavedDetailsViewController.swift */ = {isa = PBXFileReference; lastKnownFileType = sourcecode.swift; path = SavedDetailsViewController.swift; sourceTree = "<group>"; };
		430FF47725CD9EE3005ECB65 /* ShareViewController.swift */ = {isa = PBXFileReference; lastKnownFileType = sourcecode.swift; path = ShareViewController.swift; sourceTree = "<group>"; };
		430FF47F25CDA324005ECB65 /* CollectionViewCell1.swift */ = {isa = PBXFileReference; lastKnownFileType = sourcecode.swift; path = CollectionViewCell1.swift; sourceTree = "<group>"; };
		432C31EF25C1E05200FA230A /* DIYTypeViewController.swift */ = {isa = PBXFileReference; lastKnownFileType = sourcecode.swift; path = DIYTypeViewController.swift; sourceTree = "<group>"; };
		432C31F425C1E17400FA230A /* AgeViewController.swift */ = {isa = PBXFileReference; lastKnownFileType = sourcecode.swift; path = AgeViewController.swift; sourceTree = "<group>"; };
		432C31F925C1E48100FA230A /* ExperienceViewController.swift */ = {isa = PBXFileReference; lastKnownFileType = sourcecode.swift; path = ExperienceViewController.swift; sourceTree = "<group>"; };
		432C320F25C1E8BC00FA230A /* LoadingViewController.swift */ = {isa = PBXFileReference; lastKnownFileType = sourcecode.swift; path = LoadingViewController.swift; sourceTree = "<group>"; };
		432C321825C1EA3800FA230A /* HomeViewController.swift */ = {isa = PBXFileReference; lastKnownFileType = sourcecode.swift; path = HomeViewController.swift; sourceTree = "<group>"; };
		432C322025C2041A00FA230A /* NavViewController.swift */ = {isa = PBXFileReference; lastKnownFileType = sourcecode.swift; path = NavViewController.swift; sourceTree = "<group>"; };
		432C322525C21E0C00FA230A /* user.json */ = {isa = PBXFileReference; fileEncoding = 4; lastKnownFileType = text.json; path = user.json; sourceTree = "<group>"; };
		432C322A25C2242200FA230A /* Constants.swift */ = {isa = PBXFileReference; lastKnownFileType = sourcecode.swift; path = Constants.swift; sourceTree = "<group>"; };
		432C323325C2250100FA230A /* HomeTableViewCell.swift */ = {isa = PBXFileReference; lastKnownFileType = sourcecode.swift; path = HomeTableViewCell.swift; sourceTree = "<group>"; };
		432C323C25C2259A00FA230A /* HomeCell.swift */ = {isa = PBXFileReference; lastKnownFileType = sourcecode.swift; path = HomeCell.swift; sourceTree = "<group>"; };
		435270D525C477A00009BE5B /* ExploreViewController.swift */ = {isa = PBXFileReference; lastKnownFileType = sourcecode.swift; path = ExploreViewController.swift; sourceTree = "<group>"; };
		435270DA25C479640009BE5B /* CollectionViewCell.swift */ = {isa = PBXFileReference; lastKnownFileType = sourcecode.swift; path = CollectionViewCell.swift; sourceTree = "<group>"; };
		43822817259A455300103A4F /* SnipDesignSustainably.app */ = {isa = PBXFileReference; explicitFileType = wrapper.application; includeInIndex = 0; path = SnipDesignSustainably.app; sourceTree = BUILT_PRODUCTS_DIR; };
		4382281A259A455300103A4F /* AppDelegate.swift */ = {isa = PBXFileReference; lastKnownFileType = sourcecode.swift; path = AppDelegate.swift; sourceTree = "<group>"; };
		4382281C259A455300103A4F /* SceneDelegate.swift */ = {isa = PBXFileReference; lastKnownFileType = sourcecode.swift; path = SceneDelegate.swift; sourceTree = "<group>"; };
		4382281E259A455300103A4F /* ViewController.swift */ = {isa = PBXFileReference; lastKnownFileType = sourcecode.swift; path = ViewController.swift; sourceTree = "<group>"; };
		43822821259A455300103A4F /* Base */ = {isa = PBXFileReference; lastKnownFileType = file.storyboard; name = Base; path = Base.lproj/Main.storyboard; sourceTree = "<group>"; };
		43822823259A455300103A4F /* Assets.xcassets */ = {isa = PBXFileReference; lastKnownFileType = folder.assetcatalog; path = Assets.xcassets; sourceTree = "<group>"; };
		43822826259A455300103A4F /* Base */ = {isa = PBXFileReference; lastKnownFileType = file.storyboard; name = Base; path = Base.lproj/LaunchScreen.storyboard; sourceTree = "<group>"; };
		43822828259A455300103A4F /* Info.plist */ = {isa = PBXFileReference; lastKnownFileType = text.plist.xml; path = Info.plist; sourceTree = "<group>"; };
		4382282D259A455400103A4F /* SnipDesignSustainablyTests.xctest */ = {isa = PBXFileReference; explicitFileType = wrapper.cfbundle; includeInIndex = 0; path = SnipDesignSustainablyTests.xctest; sourceTree = BUILT_PRODUCTS_DIR; };
		43822831259A455400103A4F /* SnipDesignSustainablyTests.swift */ = {isa = PBXFileReference; lastKnownFileType = sourcecode.swift; path = SnipDesignSustainablyTests.swift; sourceTree = "<group>"; };
		43822833259A455400103A4F /* Info.plist */ = {isa = PBXFileReference; lastKnownFileType = text.plist.xml; path = Info.plist; sourceTree = "<group>"; };
		43822838259A455400103A4F /* SnipDesignSustainablyUITests.xctest */ = {isa = PBXFileReference; explicitFileType = wrapper.cfbundle; includeInIndex = 0; path = SnipDesignSustainablyUITests.xctest; sourceTree = BUILT_PRODUCTS_DIR; };
		4382283C259A455400103A4F /* SnipDesignSustainablyUITests.swift */ = {isa = PBXFileReference; lastKnownFileType = sourcecode.swift; path = SnipDesignSustainablyUITests.swift; sourceTree = "<group>"; };
		4382283E259A455400103A4F /* Info.plist */ = {isa = PBXFileReference; lastKnownFileType = text.plist.xml; path = Info.plist; sourceTree = "<group>"; };
		4382284D259A45A600103A4F /* Screen Shot 2020-12-28 at 8.53.18 AM.png */ = {isa = PBXFileReference; lastKnownFileType = image.png; path = "Screen Shot 2020-12-28 at 8.53.18 AM.png"; sourceTree = "<group>"; };
		43822855259A495B00103A4F /* SignUpVC.swift */ = {isa = PBXFileReference; lastKnownFileType = sourcecode.swift; path = SignUpVC.swift; sourceTree = "<group>"; };
		4382285A259A4BE800103A4F /* LoginVC.swift */ = {isa = PBXFileReference; lastKnownFileType = sourcecode.swift; path = LoginVC.swift; sourceTree = "<group>"; };
		4382285F259A4D0200103A4F /* SplashVC.swift */ = {isa = PBXFileReference; lastKnownFileType = sourcecode.swift; path = SplashVC.swift; sourceTree = "<group>"; };
		4382FAB025E9A44200816A4B /* GameOverviewTableViewCell.swift */ = {isa = PBXFileReference; fileEncoding = 4; lastKnownFileType = sourcecode.swift; path = GameOverviewTableViewCell.swift; sourceTree = "<group>"; };
		4382FAB525E9A44900816A4B /* GameRatingsTableViewCell.swift */ = {isa = PBXFileReference; fileEncoding = 4; lastKnownFileType = sourcecode.swift; path = GameRatingsTableViewCell.swift; sourceTree = "<group>"; };
		4382FABA25E9A45600816A4B /* UpdatesTableViewCell.swift */ = {isa = PBXFileReference; fileEncoding = 4; lastKnownFileType = sourcecode.swift; path = UpdatesTableViewCell.swift; sourceTree = "<group>"; };
		4382FABF25E9A7CF00816A4B /* StrechyHeaderView.swift */ = {isa = PBXFileReference; fileEncoding = 4; lastKnownFileType = sourcecode.swift; path = StrechyHeaderView.swift; sourceTree = "<group>"; };
		4382FAC425E9A8AE00816A4B /* CustomNavBar.swift */ = {isa = PBXFileReference; fileEncoding = 4; lastKnownFileType = sourcecode.swift; path = CustomNavBar.swift; sourceTree = "<group>"; };
		43A89564048811C6B08BFBC8 /* Pods-SnipDesignSustainably-SnipDesignSustainablyUITests.debug.xcconfig */ = {isa = PBXFileReference; includeInIndex = 1; lastKnownFileType = text.xcconfig; name = "Pods-SnipDesignSustainably-SnipDesignSustainablyUITests.debug.xcconfig"; path = "Target Support Files/Pods-SnipDesignSustainably-SnipDesignSustainablyUITests/Pods-SnipDesignSustainably-SnipDesignSustainablyUITests.debug.xcconfig"; sourceTree = "<group>"; };
		43A89ED625EC372300C943FF /* HomeDataProvider.swift */ = {isa = PBXFileReference; lastKnownFileType = sourcecode.swift; path = HomeDataProvider.swift; sourceTree = "<group>"; };
		43A89EDB25EC38A800C943FF /* HomeViewModel.swift */ = {isa = PBXFileReference; lastKnownFileType = sourcecode.swift; path = HomeViewModel.swift; sourceTree = "<group>"; };
		43A89EE625EC432300C943FF /* FirstUSeViewController.swift */ = {isa = PBXFileReference; lastKnownFileType = sourcecode.swift; path = FirstUSeViewController.swift; sourceTree = "<group>"; };
		43AAF33625E80623007FA4E9 /* userSingleton.swift */ = {isa = PBXFileReference; lastKnownFileType = sourcecode.swift; path = userSingleton.swift; sourceTree = "<group>"; };
		43BCBB3325D2226400FCAD6A /* ProgramaticProfileViewController.swift */ = {isa = PBXFileReference; lastKnownFileType = sourcecode.swift; path = ProgramaticProfileViewController.swift; sourceTree = "<group>"; };
		43BCBB3825D2292500FCAD6A /* UIView.swift */ = {isa = PBXFileReference; lastKnownFileType = sourcecode.swift; path = UIView.swift; sourceTree = "<group>"; };
		43C938F725E94BD600278F8D /* ProfileViewModel.swift */ = {isa = PBXFileReference; lastKnownFileType = sourcecode.swift; path = ProfileViewModel.swift; sourceTree = "<group>"; };
		43C938FC25E94C2500278F8D /* ProfileViewController1.swift */ = {isa = PBXFileReference; lastKnownFileType = sourcecode.swift; path = ProfileViewController1.swift; sourceTree = "<group>"; };
		43C9390425E94C7D00278F8D /* UserModel.swift */ = {isa = PBXFileReference; lastKnownFileType = sourcecode.swift; path = UserModel.swift; sourceTree = "<group>"; };
		43C9390C25E94D8300278F8D /* ProfileDataProvider.swift */ = {isa = PBXFileReference; lastKnownFileType = sourcecode.swift; path = ProfileDataProvider.swift; sourceTree = "<group>"; };
		43D3F71625EC2A45006F94D9 /* TabViewController.swift */ = {isa = PBXFileReference; lastKnownFileType = sourcecode.swift; path = TabViewController.swift; sourceTree = "<group>"; };
		43D3F71C25EC2DF0006F94D9 /* HomeModel.swift */ = {isa = PBXFileReference; lastKnownFileType = sourcecode.swift; path = HomeModel.swift; sourceTree = "<group>"; };
		43E589DA25C312F500E6F759 /* SearchViewController.swift */ = {isa = PBXFileReference; fileEncoding = 4; lastKnownFileType = sourcecode.swift; path = SearchViewController.swift; sourceTree = "<group>"; };
		43E589DF25C3130D00E6F759 /* Restaurant.swift */ = {isa = PBXFileReference; fileEncoding = 4; lastKnownFileType = sourcecode.swift; path = Restaurant.swift; sourceTree = "<group>"; };
		43E589E425C3131B00E6F759 /* restCell.swift */ = {isa = PBXFileReference; fileEncoding = 4; lastKnownFileType = sourcecode.swift; path = restCell.swift; sourceTree = "<group>"; };
		96A1E609BA91C5237A6A3035 /* Pods-SnipDesignSustainably-SnipDesignSustainablyUITests.release.xcconfig */ = {isa = PBXFileReference; includeInIndex = 1; lastKnownFileType = text.xcconfig; name = "Pods-SnipDesignSustainably-SnipDesignSustainablyUITests.release.xcconfig"; path = "Target Support Files/Pods-SnipDesignSustainably-SnipDesignSustainablyUITests/Pods-SnipDesignSustainably-SnipDesignSustainablyUITests.release.xcconfig"; sourceTree = "<group>"; };
		A754FB694598BCD0C9CDB95B /* Pods_SnipDesignSustainablyTests.framework */ = {isa = PBXFileReference; explicitFileType = wrapper.framework; includeInIndex = 0; path = Pods_SnipDesignSustainablyTests.framework; sourceTree = BUILT_PRODUCTS_DIR; };
		B1FC212082BACBD6CAA15408 /* Pods-SnipDesignSustainablyTests.debug.xcconfig */ = {isa = PBXFileReference; includeInIndex = 1; lastKnownFileType = text.xcconfig; name = "Pods-SnipDesignSustainablyTests.debug.xcconfig"; path = "Target Support Files/Pods-SnipDesignSustainablyTests/Pods-SnipDesignSustainablyTests.debug.xcconfig"; sourceTree = "<group>"; };
		B6AD10D58F10430E6B2BCEF1 /* Pods-SnipDesignSustainably.release.xcconfig */ = {isa = PBXFileReference; includeInIndex = 1; lastKnownFileType = text.xcconfig; name = "Pods-SnipDesignSustainably.release.xcconfig"; path = "Target Support Files/Pods-SnipDesignSustainably/Pods-SnipDesignSustainably.release.xcconfig"; sourceTree = "<group>"; };
		C8711F71A8CEC9858797E621 /* Pods-SnipDesignSustainably.debug.xcconfig */ = {isa = PBXFileReference; includeInIndex = 1; lastKnownFileType = text.xcconfig; name = "Pods-SnipDesignSustainably.debug.xcconfig"; path = "Target Support Files/Pods-SnipDesignSustainably/Pods-SnipDesignSustainably.debug.xcconfig"; sourceTree = "<group>"; };
		E124E7CB76F8D0EDC5E10013 /* Pods-SnipDesignSustainablyTests.release.xcconfig */ = {isa = PBXFileReference; includeInIndex = 1; lastKnownFileType = text.xcconfig; name = "Pods-SnipDesignSustainablyTests.release.xcconfig"; path = "Target Support Files/Pods-SnipDesignSustainablyTests/Pods-SnipDesignSustainablyTests.release.xcconfig"; sourceTree = "<group>"; };
/* End PBXFileReference section */

/* Begin PBXFrameworksBuildPhase section */
		43822814259A455300103A4F /* Frameworks */ = {
			isa = PBXFrameworksBuildPhase;
			buildActionMask = 2147483647;
			files = (
				4358E38E25C35CCE00695C73 /* Kingfisher in Frameworks */,
				3AD4D8455B5DC78D3C07D1FF /* Pods_SnipDesignSustainably.framework in Frameworks */,
			);
			runOnlyForDeploymentPostprocessing = 0;
		};
		4382282A259A455400103A4F /* Frameworks */ = {
			isa = PBXFrameworksBuildPhase;
			buildActionMask = 2147483647;
			files = (
				D28B5488BACE1293C1D2FCDD /* Pods_SnipDesignSustainablyTests.framework in Frameworks */,
			);
			runOnlyForDeploymentPostprocessing = 0;
		};
		43822835259A455400103A4F /* Frameworks */ = {
			isa = PBXFrameworksBuildPhase;
			buildActionMask = 2147483647;
			files = (
				88E4FF260896F60F11897EAB /* Pods_SnipDesignSustainably_SnipDesignSustainablyUITests.framework in Frameworks */,
			);
			runOnlyForDeploymentPostprocessing = 0;
		};
/* End PBXFrameworksBuildPhase section */

/* Begin PBXGroup section */
		2E447B493E97BB635771FF19 /* Pods */ = {
			isa = PBXGroup;
			children = (
				C8711F71A8CEC9858797E621 /* Pods-SnipDesignSustainably.debug.xcconfig */,
				B6AD10D58F10430E6B2BCEF1 /* Pods-SnipDesignSustainably.release.xcconfig */,
				43A89564048811C6B08BFBC8 /* Pods-SnipDesignSustainably-SnipDesignSustainablyUITests.debug.xcconfig */,
				96A1E609BA91C5237A6A3035 /* Pods-SnipDesignSustainably-SnipDesignSustainablyUITests.release.xcconfig */,
				B1FC212082BACBD6CAA15408 /* Pods-SnipDesignSustainablyTests.debug.xcconfig */,
				E124E7CB76F8D0EDC5E10013 /* Pods-SnipDesignSustainablyTests.release.xcconfig */,
			);
			path = Pods;
			sourceTree = "<group>";
		};
		2F55F48DEAA5D0B46327E7CB /* Frameworks */ = {
			isa = PBXGroup;
			children = (
				00445006F1174A274F252B6E /* Pods_SnipDesignSustainably.framework */,
				06A6758DA30FB73FF74B45E5 /* Pods_SnipDesignSustainably_SnipDesignSustainablyUITests.framework */,
				A754FB694598BCD0C9CDB95B /* Pods_SnipDesignSustainablyTests.framework */,
			);
			name = Frameworks;
			sourceTree = "<group>";
		};
		432C31E825C1D97400FA230A /* Onbaording Viewcontroller */ = {
			isa = PBXGroup;
			children = (
				4382285F259A4D0200103A4F /* SplashVC.swift */,
				43822855259A495B00103A4F /* SignUpVC.swift */,
				4382285A259A4BE800103A4F /* LoginVC.swift */,
				432C31EF25C1E05200FA230A /* DIYTypeViewController.swift */,
				432C31F425C1E17400FA230A /* AgeViewController.swift */,
				432C31F925C1E48100FA230A /* ExperienceViewController.swift */,
				432C320F25C1E8BC00FA230A /* LoadingViewController.swift */,
				43A89EE625EC432300C943FF /* FirstUSeViewController.swift */,
			);
			path = "Onbaording Viewcontroller";
			sourceTree = "<group>";
		};
		432C321425C1EA1300FA230A /* HomeTabs */ = {
			isa = PBXGroup;
			children = (
				43D3F71B25EC2DD5006F94D9 /* HomeMVVM */,
				43E589DA25C312F500E6F759 /* SearchViewController.swift */,
				432C322025C2041A00FA230A /* NavViewController.swift */,
				435270D525C477A00009BE5B /* ExploreViewController.swift */,
				430FF46D25CC8E9A005ECB65 /* SavedViewController.swift */,
				430FF47225CC936D005ECB65 /* SavedDetailsViewController.swift */,
				430FF47725CD9EE3005ECB65 /* ShareViewController.swift */,
				43BCBB3325D2226400FCAD6A /* ProgramaticProfileViewController.swift */,
				43AAF33625E80623007FA4E9 /* userSingleton.swift */,
				43D3F71625EC2A45006F94D9 /* TabViewController.swift */,
			);
			path = HomeTabs;
			sourceTree = "<group>";
		};
		432C323225C224D200FA230A /* TableViewCells */ = {
			isa = PBXGroup;
			children = (
				432C323B25C2257C00FA230A /* Cell Object */,
				432C323325C2250100FA230A /* HomeTableViewCell.swift */,
				43E589E425C3131B00E6F759 /* restCell.swift */,
				435270DA25C479640009BE5B /* CollectionViewCell.swift */,
			);
			path = TableViewCells;
			sourceTree = "<group>";
		};
		432C323B25C2257C00FA230A /* Cell Object */ = {
			isa = PBXGroup;
			children = (
				43E589DF25C3130D00E6F759 /* Restaurant.swift */,
				432C323C25C2259A00FA230A /* HomeCell.swift */,
				430FF47F25CDA324005ECB65 /* CollectionViewCell1.swift */,
			);
			path = "Cell Object";
			sourceTree = "<group>";
		};
		4382280E259A455300103A4F = {
			isa = PBXGroup;
			children = (
				43822819259A455300103A4F /* SnipDesignSustainably */,
				43822830259A455400103A4F /* SnipDesignSustainablyTests */,
				4382283B259A455400103A4F /* SnipDesignSustainablyUITests */,
				43822818259A455300103A4F /* Products */,
				2E447B493E97BB635771FF19 /* Pods */,
				2F55F48DEAA5D0B46327E7CB /* Frameworks */,
			);
			sourceTree = "<group>";
		};
		43822818259A455300103A4F /* Products */ = {
			isa = PBXGroup;
			children = (
				43822817259A455300103A4F /* SnipDesignSustainably.app */,
				4382282D259A455400103A4F /* SnipDesignSustainablyTests.xctest */,
				43822838259A455400103A4F /* SnipDesignSustainablyUITests.xctest */,
			);
			name = Products;
			sourceTree = "<group>";
		};
		43822819259A455300103A4F /* SnipDesignSustainably */ = {
			isa = PBXGroup;
			children = (
				43C938F625E94BBF00278F8D /* Profile MVVM */,
				432C323225C224D200FA230A /* TableViewCells */,
				432C322525C21E0C00FA230A /* user.json */,
				432C321425C1EA1300FA230A /* HomeTabs */,
				432C31E825C1D97400FA230A /* Onbaording Viewcontroller */,
				4382281A259A455300103A4F /* AppDelegate.swift */,
				4382281C259A455300103A4F /* SceneDelegate.swift */,
				4382281E259A455300103A4F /* ViewController.swift */,
				43822820259A455300103A4F /* Main.storyboard */,
				4382284D259A45A600103A4F /* Screen Shot 2020-12-28 at 8.53.18 AM.png */,
				43822823259A455300103A4F /* Assets.xcassets */,
				43822825259A455300103A4F /* LaunchScreen.storyboard */,
				43822828259A455300103A4F /* Info.plist */,
				432C322A25C2242200FA230A /* Constants.swift */,
				43BCBB3825D2292500FCAD6A /* UIView.swift */,
				430AD42725E700770014C25F /* userLoginInfo.xcdatamodeld */,
			);
			path = SnipDesignSustainably;
			sourceTree = "<group>";
		};
		43822830259A455400103A4F /* SnipDesignSustainablyTests */ = {
			isa = PBXGroup;
			children = (
				43822831259A455400103A4F /* SnipDesignSustainablyTests.swift */,
				43822833259A455400103A4F /* Info.plist */,
			);
			path = SnipDesignSustainablyTests;
			sourceTree = "<group>";
		};
		4382283B259A455400103A4F /* SnipDesignSustainablyUITests */ = {
			isa = PBXGroup;
			children = (
				4382283C259A455400103A4F /* SnipDesignSustainablyUITests.swift */,
				4382283E259A455400103A4F /* Info.plist */,
			);
			path = SnipDesignSustainablyUITests;
			sourceTree = "<group>";
		};
		4382FAAF25E9A3D500816A4B /* ViewComponents */ = {
			isa = PBXGroup;
			children = (
				4382FABA25E9A45600816A4B /* UpdatesTableViewCell.swift */,
				4382FAB525E9A44900816A4B /* GameRatingsTableViewCell.swift */,
				4382FAC425E9A8AE00816A4B /* CustomNavBar.swift */,
				4382FABF25E9A7CF00816A4B /* StrechyHeaderView.swift */,
				4382FAB025E9A44200816A4B /* GameOverviewTableViewCell.swift */,
			);
			path = ViewComponents;
			sourceTree = "<group>";
		};
		43C938F625E94BBF00278F8D /* Profile MVVM */ = {
			isa = PBXGroup;
			children = (
				4382FAAF25E9A3D500816A4B /* ViewComponents */,
				43C938F725E94BD600278F8D /* ProfileViewModel.swift */,
				43C938FC25E94C2500278F8D /* ProfileViewController1.swift */,
				43C9390425E94C7D00278F8D /* UserModel.swift */,
				43C9390C25E94D8300278F8D /* ProfileDataProvider.swift */,
			);
			path = "Profile MVVM";
			sourceTree = "<group>";
		};
		43D3F71B25EC2DD5006F94D9 /* HomeMVVM */ = {
			isa = PBXGroup;
			children = (
				432C321825C1EA3800FA230A /* HomeViewController.swift */,
				43D3F71C25EC2DF0006F94D9 /* HomeModel.swift */,
				43A89ED625EC372300C943FF /* HomeDataProvider.swift */,
				43A89EDB25EC38A800C943FF /* HomeViewModel.swift */,
			);
			path = HomeMVVM;
			sourceTree = "<group>";
		};
/* End PBXGroup section */

/* Begin PBXNativeTarget section */
		43822816259A455300103A4F /* SnipDesignSustainably */ = {
			isa = PBXNativeTarget;
			buildConfigurationList = 43822841259A455400103A4F /* Build configuration list for PBXNativeTarget "SnipDesignSustainably" */;
			buildPhases = (
				0D5B429806D689E40ACF091C /* [CP] Check Pods Manifest.lock */,
				43822813259A455300103A4F /* Sources */,
				43822814259A455300103A4F /* Frameworks */,
				43822815259A455300103A4F /* Resources */,
				D579156FF820E2F5AE516894 /* [CP] Embed Pods Frameworks */,
			);
			buildRules = (
			);
			dependencies = (
			);
			name = SnipDesignSustainably;
			packageProductDependencies = (
				4358E38D25C35CCE00695C73 /* Kingfisher */,
			);
			productName = SnipDesignSustainably;
			productReference = 43822817259A455300103A4F /* SnipDesignSustainably.app */;
			productType = "com.apple.product-type.application";
		};
		4382282C259A455400103A4F /* SnipDesignSustainablyTests */ = {
			isa = PBXNativeTarget;
			buildConfigurationList = 43822844259A455400103A4F /* Build configuration list for PBXNativeTarget "SnipDesignSustainablyTests" */;
			buildPhases = (
				FFFFD45D80F050D430BD1403 /* [CP] Check Pods Manifest.lock */,
				43822829259A455400103A4F /* Sources */,
				4382282A259A455400103A4F /* Frameworks */,
				4382282B259A455400103A4F /* Resources */,
			);
			buildRules = (
			);
			dependencies = (
				4382282F259A455400103A4F /* PBXTargetDependency */,
			);
			name = SnipDesignSustainablyTests;
			productName = SnipDesignSustainablyTests;
			productReference = 4382282D259A455400103A4F /* SnipDesignSustainablyTests.xctest */;
			productType = "com.apple.product-type.bundle.unit-test";
		};
		43822837259A455400103A4F /* SnipDesignSustainablyUITests */ = {
			isa = PBXNativeTarget;
			buildConfigurationList = 43822847259A455400103A4F /* Build configuration list for PBXNativeTarget "SnipDesignSustainablyUITests" */;
			buildPhases = (
				72C4836F05B2A2BE53AE96D2 /* [CP] Check Pods Manifest.lock */,
				43822834259A455400103A4F /* Sources */,
				43822835259A455400103A4F /* Frameworks */,
				43822836259A455400103A4F /* Resources */,
				A5A07D3386C7224421455210 /* [CP] Embed Pods Frameworks */,
			);
			buildRules = (
			);
			dependencies = (
				4382283A259A455400103A4F /* PBXTargetDependency */,
			);
			name = SnipDesignSustainablyUITests;
			productName = SnipDesignSustainablyUITests;
			productReference = 43822838259A455400103A4F /* SnipDesignSustainablyUITests.xctest */;
			productType = "com.apple.product-type.bundle.ui-testing";
		};
/* End PBXNativeTarget section */

/* Begin PBXProject section */
		4382280F259A455300103A4F /* Project object */ = {
			isa = PBXProject;
			attributes = {
				LastSwiftUpdateCheck = 1230;
				LastUpgradeCheck = 1230;
				TargetAttributes = {
					43822816259A455300103A4F = {
						CreatedOnToolsVersion = 12.3;
					};
					4382282C259A455400103A4F = {
						CreatedOnToolsVersion = 12.3;
						TestTargetID = 43822816259A455300103A4F;
					};
					43822837259A455400103A4F = {
						CreatedOnToolsVersion = 12.3;
						TestTargetID = 43822816259A455300103A4F;
					};
				};
			};
			buildConfigurationList = 43822812259A455300103A4F /* Build configuration list for PBXProject "SnipDesignSustainably" */;
			compatibilityVersion = "Xcode 9.3";
			developmentRegion = en;
			hasScannedForEncodings = 0;
			knownRegions = (
				en,
				Base,
			);
			mainGroup = 4382280E259A455300103A4F;
			packageReferences = (
				43E589EC25C357C800E6F759 /* XCRemoteSwiftPackageReference "SDWebImage" */,
				4358E38C25C35CCE00695C73 /* XCRemoteSwiftPackageReference "Kingfisher" */,
			);
			productRefGroup = 43822818259A455300103A4F /* Products */;
			projectDirPath = "";
			projectRoot = "";
			targets = (
				43822816259A455300103A4F /* SnipDesignSustainably */,
				4382282C259A455400103A4F /* SnipDesignSustainablyTests */,
				43822837259A455400103A4F /* SnipDesignSustainablyUITests */,
			);
		};
/* End PBXProject section */

/* Begin PBXResourcesBuildPhase section */
		43822815259A455300103A4F /* Resources */ = {
			isa = PBXResourcesBuildPhase;
			buildActionMask = 2147483647;
			files = (
				4382284E259A45A600103A4F /* Screen Shot 2020-12-28 at 8.53.18 AM.png in Resources */,
				43822827259A455300103A4F /* LaunchScreen.storyboard in Resources */,
				43822824259A455300103A4F /* Assets.xcassets in Resources */,
				43822822259A455300103A4F /* Main.storyboard in Resources */,
				432C322625C21E0C00FA230A /* user.json in Resources */,
			);
			runOnlyForDeploymentPostprocessing = 0;
		};
		4382282B259A455400103A4F /* Resources */ = {
			isa = PBXResourcesBuildPhase;
			buildActionMask = 2147483647;
			files = (
			);
			runOnlyForDeploymentPostprocessing = 0;
		};
		43822836259A455400103A4F /* Resources */ = {
			isa = PBXResourcesBuildPhase;
			buildActionMask = 2147483647;
			files = (
			);
			runOnlyForDeploymentPostprocessing = 0;
		};
/* End PBXResourcesBuildPhase section */

/* Begin PBXShellScriptBuildPhase section */
		0D5B429806D689E40ACF091C /* [CP] Check Pods Manifest.lock */ = {
			isa = PBXShellScriptBuildPhase;
			buildActionMask = 2147483647;
			files = (
			);
			inputFileListPaths = (
			);
			inputPaths = (
				"${PODS_PODFILE_DIR_PATH}/Podfile.lock",
				"${PODS_ROOT}/Manifest.lock",
			);
			name = "[CP] Check Pods Manifest.lock";
			outputFileListPaths = (
			);
			outputPaths = (
				"$(DERIVED_FILE_DIR)/Pods-SnipDesignSustainably-checkManifestLockResult.txt",
			);
			runOnlyForDeploymentPostprocessing = 0;
			shellPath = /bin/sh;
			shellScript = "diff \"${PODS_PODFILE_DIR_PATH}/Podfile.lock\" \"${PODS_ROOT}/Manifest.lock\" > /dev/null\nif [ $? != 0 ] ; then\n    # print error to STDERR\n    echo \"error: The sandbox is not in sync with the Podfile.lock. Run 'pod install' or update your CocoaPods installation.\" >&2\n    exit 1\nfi\n# This output is used by Xcode 'outputs' to avoid re-running this script phase.\necho \"SUCCESS\" > \"${SCRIPT_OUTPUT_FILE_0}\"\n";
			showEnvVarsInLog = 0;
		};
		72C4836F05B2A2BE53AE96D2 /* [CP] Check Pods Manifest.lock */ = {
			isa = PBXShellScriptBuildPhase;
			buildActionMask = 2147483647;
			files = (
			);
			inputFileListPaths = (
			);
			inputPaths = (
				"${PODS_PODFILE_DIR_PATH}/Podfile.lock",
				"${PODS_ROOT}/Manifest.lock",
			);
			name = "[CP] Check Pods Manifest.lock";
			outputFileListPaths = (
			);
			outputPaths = (
				"$(DERIVED_FILE_DIR)/Pods-SnipDesignSustainably-SnipDesignSustainablyUITests-checkManifestLockResult.txt",
			);
			runOnlyForDeploymentPostprocessing = 0;
			shellPath = /bin/sh;
			shellScript = "diff \"${PODS_PODFILE_DIR_PATH}/Podfile.lock\" \"${PODS_ROOT}/Manifest.lock\" > /dev/null\nif [ $? != 0 ] ; then\n    # print error to STDERR\n    echo \"error: The sandbox is not in sync with the Podfile.lock. Run 'pod install' or update your CocoaPods installation.\" >&2\n    exit 1\nfi\n# This output is used by Xcode 'outputs' to avoid re-running this script phase.\necho \"SUCCESS\" > \"${SCRIPT_OUTPUT_FILE_0}\"\n";
			showEnvVarsInLog = 0;
		};
		A5A07D3386C7224421455210 /* [CP] Embed Pods Frameworks */ = {
			isa = PBXShellScriptBuildPhase;
			buildActionMask = 2147483647;
			files = (
			);
			inputFileListPaths = (
				"${PODS_ROOT}/Target Support Files/Pods-SnipDesignSustainably-SnipDesignSustainablyUITests/Pods-SnipDesignSustainably-SnipDesignSustainablyUITests-frameworks-${CONFIGURATION}-input-files.xcfilelist",
			);
			name = "[CP] Embed Pods Frameworks";
			outputFileListPaths = (
				"${PODS_ROOT}/Target Support Files/Pods-SnipDesignSustainably-SnipDesignSustainablyUITests/Pods-SnipDesignSustainably-SnipDesignSustainablyUITests-frameworks-${CONFIGURATION}-output-files.xcfilelist",
			);
			runOnlyForDeploymentPostprocessing = 0;
			shellPath = /bin/sh;
			shellScript = "\"${PODS_ROOT}/Target Support Files/Pods-SnipDesignSustainably-SnipDesignSustainablyUITests/Pods-SnipDesignSustainably-SnipDesignSustainablyUITests-frameworks.sh\"\n";
			showEnvVarsInLog = 0;
		};
		D579156FF820E2F5AE516894 /* [CP] Embed Pods Frameworks */ = {
			isa = PBXShellScriptBuildPhase;
			buildActionMask = 2147483647;
			files = (
			);
			inputFileListPaths = (
				"${PODS_ROOT}/Target Support Files/Pods-SnipDesignSustainably/Pods-SnipDesignSustainably-frameworks-${CONFIGURATION}-input-files.xcfilelist",
			);
			name = "[CP] Embed Pods Frameworks";
			outputFileListPaths = (
				"${PODS_ROOT}/Target Support Files/Pods-SnipDesignSustainably/Pods-SnipDesignSustainably-frameworks-${CONFIGURATION}-output-files.xcfilelist",
			);
			runOnlyForDeploymentPostprocessing = 0;
			shellPath = /bin/sh;
			shellScript = "\"${PODS_ROOT}/Target Support Files/Pods-SnipDesignSustainably/Pods-SnipDesignSustainably-frameworks.sh\"\n";
			showEnvVarsInLog = 0;
		};
		FFFFD45D80F050D430BD1403 /* [CP] Check Pods Manifest.lock */ = {
			isa = PBXShellScriptBuildPhase;
			buildActionMask = 2147483647;
			files = (
			);
			inputFileListPaths = (
			);
			inputPaths = (
				"${PODS_PODFILE_DIR_PATH}/Podfile.lock",
				"${PODS_ROOT}/Manifest.lock",
			);
			name = "[CP] Check Pods Manifest.lock";
			outputFileListPaths = (
			);
			outputPaths = (
				"$(DERIVED_FILE_DIR)/Pods-SnipDesignSustainablyTests-checkManifestLockResult.txt",
			);
			runOnlyForDeploymentPostprocessing = 0;
			shellPath = /bin/sh;
			shellScript = "diff \"${PODS_PODFILE_DIR_PATH}/Podfile.lock\" \"${PODS_ROOT}/Manifest.lock\" > /dev/null\nif [ $? != 0 ] ; then\n    # print error to STDERR\n    echo \"error: The sandbox is not in sync with the Podfile.lock. Run 'pod install' or update your CocoaPods installation.\" >&2\n    exit 1\nfi\n# This output is used by Xcode 'outputs' to avoid re-running this script phase.\necho \"SUCCESS\" > \"${SCRIPT_OUTPUT_FILE_0}\"\n";
			showEnvVarsInLog = 0;
		};
/* End PBXShellScriptBuildPhase section */

/* Begin PBXSourcesBuildPhase section */
		43822813259A455300103A4F /* Sources */ = {
			isa = PBXSourcesBuildPhase;
			buildActionMask = 2147483647;
			files = (
				432C31F025C1E05200FA230A /* DIYTypeViewController.swift in Sources */,
				43822856259A495B00103A4F /* SignUpVC.swift in Sources */,
				432C323425C2250100FA230A /* HomeTableViewCell.swift in Sources */,
				4382FAC525E9A8AE00816A4B /* CustomNavBar.swift in Sources */,
				4382281F259A455300103A4F /* ViewController.swift in Sources */,
				432C323D25C2259A00FA230A /* HomeCell.swift in Sources */,
				43C938F825E94BD600278F8D /* ProfileViewModel.swift in Sources */,
				43A89EE725EC432300C943FF /* FirstUSeViewController.swift in Sources */,
				432C322B25C2242200FA230A /* Constants.swift in Sources */,
				430FF47825CD9EE3005ECB65 /* ShareViewController.swift in Sources */,
				43BCBB3925D2292500FCAD6A /* UIView.swift in Sources */,
				432C31FA25C1E48100FA230A /* ExperienceViewController.swift in Sources */,
				43D3F71725EC2A45006F94D9 /* TabViewController.swift in Sources */,
				4382FABB25E9A45600816A4B /* UpdatesTableViewCell.swift in Sources */,
				430FF47325CC936D005ECB65 /* SavedDetailsViewController.swift in Sources */,
				43C9390525E94C7D00278F8D /* UserModel.swift in Sources */,
				4382281B259A455300103A4F /* AppDelegate.swift in Sources */,
				430FF48025CDA324005ECB65 /* CollectionViewCell1.swift in Sources */,
				430FF46E25CC8E9A005ECB65 /* SavedViewController.swift in Sources */,
				4382281D259A455300103A4F /* SceneDelegate.swift in Sources */,
				4382285B259A4BE800103A4F /* LoginVC.swift in Sources */,
				43BCBB3425D2226400FCAD6A /* ProgramaticProfileViewController.swift in Sources */,
				435270DB25C479640009BE5B /* CollectionViewCell.swift in Sources */,
				43E589DB25C312F600E6F759 /* SearchViewController.swift in Sources */,
				43C9390D25E94D8300278F8D /* ProfileDataProvider.swift in Sources */,
				4382FAC025E9A7CF00816A4B /* StrechyHeaderView.swift in Sources */,
				432C321925C1EA3800FA230A /* HomeViewController.swift in Sources */,
				43A89EDC25EC38A800C943FF /* HomeViewModel.swift in Sources */,
				432C321025C1E8BC00FA230A /* LoadingViewController.swift in Sources */,
				430AD42925E700770014C25F /* userLoginInfo.xcdatamodeld in Sources */,
				4382FAB625E9A44900816A4B /* GameRatingsTableViewCell.swift in Sources */,
				43E589E525C3131B00E6F759 /* restCell.swift in Sources */,
				435270D625C477A00009BE5B /* ExploreViewController.swift in Sources */,
				43D3F71D25EC2DF0006F94D9 /* HomeModel.swift in Sources */,
				432C31F525C1E17400FA230A /* AgeViewController.swift in Sources */,
				43E589E025C3130D00E6F759 /* Restaurant.swift in Sources */,
				43AAF33725E80623007FA4E9 /* userSingleton.swift in Sources */,
				432C322125C2041A00FA230A /* NavViewController.swift in Sources */,
				43C938FD25E94C2500278F8D /* ProfileViewController1.swift in Sources */,
				4382FAB125E9A44200816A4B /* GameOverviewTableViewCell.swift in Sources */,
				43822860259A4D0200103A4F /* SplashVC.swift in Sources */,
				43A89ED725EC372300C943FF /* HomeDataProvider.swift in Sources */,
			);
			runOnlyForDeploymentPostprocessing = 0;
		};
		43822829259A455400103A4F /* Sources */ = {
			isa = PBXSourcesBuildPhase;
			buildActionMask = 2147483647;
			files = (
				43822832259A455400103A4F /* SnipDesignSustainablyTests.swift in Sources */,
			);
			runOnlyForDeploymentPostprocessing = 0;
		};
		43822834259A455400103A4F /* Sources */ = {
			isa = PBXSourcesBuildPhase;
			buildActionMask = 2147483647;
			files = (
				4382283D259A455400103A4F /* SnipDesignSustainablyUITests.swift in Sources */,
			);
			runOnlyForDeploymentPostprocessing = 0;
		};
/* End PBXSourcesBuildPhase section */

/* Begin PBXTargetDependency section */
		4382282F259A455400103A4F /* PBXTargetDependency */ = {
			isa = PBXTargetDependency;
			target = 43822816259A455300103A4F /* SnipDesignSustainably */;
			targetProxy = 4382282E259A455400103A4F /* PBXContainerItemProxy */;
		};
		4382283A259A455400103A4F /* PBXTargetDependency */ = {
			isa = PBXTargetDependency;
			target = 43822816259A455300103A4F /* SnipDesignSustainably */;
			targetProxy = 43822839259A455400103A4F /* PBXContainerItemProxy */;
		};
/* End PBXTargetDependency section */

/* Begin PBXVariantGroup section */
		43822820259A455300103A4F /* Main.storyboard */ = {
			isa = PBXVariantGroup;
			children = (
				43822821259A455300103A4F /* Base */,
			);
			name = Main.storyboard;
			sourceTree = "<group>";
		};
		43822825259A455300103A4F /* LaunchScreen.storyboard */ = {
			isa = PBXVariantGroup;
			children = (
				43822826259A455300103A4F /* Base */,
			);
			name = LaunchScreen.storyboard;
			sourceTree = "<group>";
		};
/* End PBXVariantGroup section */

/* Begin XCBuildConfiguration section */
		4382283F259A455400103A4F /* Debug */ = {
			isa = XCBuildConfiguration;
			buildSettings = {
				ALWAYS_SEARCH_USER_PATHS = NO;
				CLANG_ANALYZER_NONNULL = YES;
				CLANG_ANALYZER_NUMBER_OBJECT_CONVERSION = YES_AGGRESSIVE;
				CLANG_CXX_LANGUAGE_STANDARD = "gnu++14";
				CLANG_CXX_LIBRARY = "libc++";
				CLANG_ENABLE_MODULES = YES;
				CLANG_ENABLE_OBJC_ARC = YES;
				CLANG_ENABLE_OBJC_WEAK = YES;
				CLANG_WARN_BLOCK_CAPTURE_AUTORELEASING = YES;
				CLANG_WARN_BOOL_CONVERSION = YES;
				CLANG_WARN_COMMA = YES;
				CLANG_WARN_CONSTANT_CONVERSION = YES;
				CLANG_WARN_DEPRECATED_OBJC_IMPLEMENTATIONS = YES;
				CLANG_WARN_DIRECT_OBJC_ISA_USAGE = YES_ERROR;
				CLANG_WARN_DOCUMENTATION_COMMENTS = YES;
				CLANG_WARN_EMPTY_BODY = YES;
				CLANG_WARN_ENUM_CONVERSION = YES;
				CLANG_WARN_INFINITE_RECURSION = YES;
				CLANG_WARN_INT_CONVERSION = YES;
				CLANG_WARN_NON_LITERAL_NULL_CONVERSION = YES;
				CLANG_WARN_OBJC_IMPLICIT_RETAIN_SELF = YES;
				CLANG_WARN_OBJC_LITERAL_CONVERSION = YES;
				CLANG_WARN_OBJC_ROOT_CLASS = YES_ERROR;
				CLANG_WARN_QUOTED_INCLUDE_IN_FRAMEWORK_HEADER = YES;
				CLANG_WARN_RANGE_LOOP_ANALYSIS = YES;
				CLANG_WARN_STRICT_PROTOTYPES = YES;
				CLANG_WARN_SUSPICIOUS_MOVE = YES;
				CLANG_WARN_UNGUARDED_AVAILABILITY = YES_AGGRESSIVE;
				CLANG_WARN_UNREACHABLE_CODE = YES;
				CLANG_WARN__DUPLICATE_METHOD_MATCH = YES;
				COPY_PHASE_STRIP = NO;
				DEBUG_INFORMATION_FORMAT = dwarf;
				ENABLE_STRICT_OBJC_MSGSEND = YES;
				ENABLE_TESTABILITY = YES;
				GCC_C_LANGUAGE_STANDARD = gnu11;
				GCC_DYNAMIC_NO_PIC = NO;
				GCC_NO_COMMON_BLOCKS = YES;
				GCC_OPTIMIZATION_LEVEL = 0;
				GCC_PREPROCESSOR_DEFINITIONS = (
					"DEBUG=1",
					"$(inherited)",
				);
				GCC_WARN_64_TO_32_BIT_CONVERSION = YES;
				GCC_WARN_ABOUT_RETURN_TYPE = YES_ERROR;
				GCC_WARN_UNDECLARED_SELECTOR = YES;
				GCC_WARN_UNINITIALIZED_AUTOS = YES_AGGRESSIVE;
				GCC_WARN_UNUSED_FUNCTION = YES;
				GCC_WARN_UNUSED_VARIABLE = YES;
				IPHONEOS_DEPLOYMENT_TARGET = 14.3;
				MTL_ENABLE_DEBUG_INFO = INCLUDE_SOURCE;
				MTL_FAST_MATH = YES;
				ONLY_ACTIVE_ARCH = YES;
				SDKROOT = iphoneos;
				SWIFT_ACTIVE_COMPILATION_CONDITIONS = DEBUG;
				SWIFT_OPTIMIZATION_LEVEL = "-Onone";
			};
			name = Debug;
		};
		43822840259A455400103A4F /* Release */ = {
			isa = XCBuildConfiguration;
			buildSettings = {
				ALWAYS_SEARCH_USER_PATHS = NO;
				CLANG_ANALYZER_NONNULL = YES;
				CLANG_ANALYZER_NUMBER_OBJECT_CONVERSION = YES_AGGRESSIVE;
				CLANG_CXX_LANGUAGE_STANDARD = "gnu++14";
				CLANG_CXX_LIBRARY = "libc++";
				CLANG_ENABLE_MODULES = YES;
				CLANG_ENABLE_OBJC_ARC = YES;
				CLANG_ENABLE_OBJC_WEAK = YES;
				CLANG_WARN_BLOCK_CAPTURE_AUTORELEASING = YES;
				CLANG_WARN_BOOL_CONVERSION = YES;
				CLANG_WARN_COMMA = YES;
				CLANG_WARN_CONSTANT_CONVERSION = YES;
				CLANG_WARN_DEPRECATED_OBJC_IMPLEMENTATIONS = YES;
				CLANG_WARN_DIRECT_OBJC_ISA_USAGE = YES_ERROR;
				CLANG_WARN_DOCUMENTATION_COMMENTS = YES;
				CLANG_WARN_EMPTY_BODY = YES;
				CLANG_WARN_ENUM_CONVERSION = YES;
				CLANG_WARN_INFINITE_RECURSION = YES;
				CLANG_WARN_INT_CONVERSION = YES;
				CLANG_WARN_NON_LITERAL_NULL_CONVERSION = YES;
				CLANG_WARN_OBJC_IMPLICIT_RETAIN_SELF = YES;
				CLANG_WARN_OBJC_LITERAL_CONVERSION = YES;
				CLANG_WARN_OBJC_ROOT_CLASS = YES_ERROR;
				CLANG_WARN_QUOTED_INCLUDE_IN_FRAMEWORK_HEADER = YES;
				CLANG_WARN_RANGE_LOOP_ANALYSIS = YES;
				CLANG_WARN_STRICT_PROTOTYPES = YES;
				CLANG_WARN_SUSPICIOUS_MOVE = YES;
				CLANG_WARN_UNGUARDED_AVAILABILITY = YES_AGGRESSIVE;
				CLANG_WARN_UNREACHABLE_CODE = YES;
				CLANG_WARN__DUPLICATE_METHOD_MATCH = YES;
				COPY_PHASE_STRIP = NO;
				DEBUG_INFORMATION_FORMAT = "dwarf-with-dsym";
				ENABLE_NS_ASSERTIONS = NO;
				ENABLE_STRICT_OBJC_MSGSEND = YES;
				GCC_C_LANGUAGE_STANDARD = gnu11;
				GCC_NO_COMMON_BLOCKS = YES;
				GCC_WARN_64_TO_32_BIT_CONVERSION = YES;
				GCC_WARN_ABOUT_RETURN_TYPE = YES_ERROR;
				GCC_WARN_UNDECLARED_SELECTOR = YES;
				GCC_WARN_UNINITIALIZED_AUTOS = YES_AGGRESSIVE;
				GCC_WARN_UNUSED_FUNCTION = YES;
				GCC_WARN_UNUSED_VARIABLE = YES;
				IPHONEOS_DEPLOYMENT_TARGET = 14.3;
				MTL_ENABLE_DEBUG_INFO = NO;
				MTL_FAST_MATH = YES;
				SDKROOT = iphoneos;
				SWIFT_COMPILATION_MODE = wholemodule;
				SWIFT_OPTIMIZATION_LEVEL = "-O";
				VALIDATE_PRODUCT = YES;
			};
			name = Release;
		};
		43822842259A455400103A4F /* Debug */ = {
			isa = XCBuildConfiguration;
			baseConfigurationReference = C8711F71A8CEC9858797E621 /* Pods-SnipDesignSustainably.debug.xcconfig */;
			buildSettings = {
				ASSETCATALOG_COMPILER_APPICON_NAME = AppIcon;
				ASSETCATALOG_COMPILER_GLOBAL_ACCENT_COLOR_NAME = AccentColor;
				CODE_SIGN_STYLE = Automatic;
				INFOPLIST_FILE = SnipDesignSustainably/Info.plist;
				LD_RUNPATH_SEARCH_PATHS = (
					"$(inherited)",
					"@executable_path/Frameworks",
				);
				PRODUCT_BUNDLE_IDENTIFIER = "Aesthet-X-.SnipDesignSustainably";
				PRODUCT_NAME = "$(TARGET_NAME)";
				SWIFT_VERSION = 5.0;
				TARGETED_DEVICE_FAMILY = "1,2";
			};
			name = Debug;
		};
		43822843259A455400103A4F /* Release */ = {
			isa = XCBuildConfiguration;
			baseConfigurationReference = B6AD10D58F10430E6B2BCEF1 /* Pods-SnipDesignSustainably.release.xcconfig */;
			buildSettings = {
				ASSETCATALOG_COMPILER_APPICON_NAME = AppIcon;
				ASSETCATALOG_COMPILER_GLOBAL_ACCENT_COLOR_NAME = AccentColor;
				CODE_SIGN_STYLE = Automatic;
				INFOPLIST_FILE = SnipDesignSustainably/Info.plist;
				LD_RUNPATH_SEARCH_PATHS = (
					"$(inherited)",
					"@executable_path/Frameworks",
				);
				PRODUCT_BUNDLE_IDENTIFIER = "Aesthet-X-.SnipDesignSustainably";
				PRODUCT_NAME = "$(TARGET_NAME)";
				SWIFT_VERSION = 5.0;
				TARGETED_DEVICE_FAMILY = "1,2";
			};
			name = Release;
		};
		43822845259A455400103A4F /* Debug */ = {
			isa = XCBuildConfiguration;
			baseConfigurationReference = B1FC212082BACBD6CAA15408 /* Pods-SnipDesignSustainablyTests.debug.xcconfig */;
			buildSettings = {
				ALWAYS_EMBED_SWIFT_STANDARD_LIBRARIES = YES;
				BUNDLE_LOADER = "$(TEST_HOST)";
				CODE_SIGN_STYLE = Automatic;
				INFOPLIST_FILE = SnipDesignSustainablyTests/Info.plist;
				IPHONEOS_DEPLOYMENT_TARGET = 14.3;
				LD_RUNPATH_SEARCH_PATHS = (
					"$(inherited)",
					"@executable_path/Frameworks",
					"@loader_path/Frameworks",
				);
				PRODUCT_BUNDLE_IDENTIFIER = "Aesthet-X-.SnipDesignSustainablyTests";
				PRODUCT_NAME = "$(TARGET_NAME)";
				SWIFT_VERSION = 5.0;
				TARGETED_DEVICE_FAMILY = "1,2";
				TEST_HOST = "$(BUILT_PRODUCTS_DIR)/SnipDesignSustainably.app/SnipDesignSustainably";
			};
			name = Debug;
		};
		43822846259A455400103A4F /* Release */ = {
			isa = XCBuildConfiguration;
			baseConfigurationReference = E124E7CB76F8D0EDC5E10013 /* Pods-SnipDesignSustainablyTests.release.xcconfig */;
			buildSettings = {
				ALWAYS_EMBED_SWIFT_STANDARD_LIBRARIES = YES;
				BUNDLE_LOADER = "$(TEST_HOST)";
				CODE_SIGN_STYLE = Automatic;
				INFOPLIST_FILE = SnipDesignSustainablyTests/Info.plist;
				IPHONEOS_DEPLOYMENT_TARGET = 14.3;
				LD_RUNPATH_SEARCH_PATHS = (
					"$(inherited)",
					"@executable_path/Frameworks",
					"@loader_path/Frameworks",
				);
				PRODUCT_BUNDLE_IDENTIFIER = "Aesthet-X-.SnipDesignSustainablyTests";
				PRODUCT_NAME = "$(TARGET_NAME)";
				SWIFT_VERSION = 5.0;
				TARGETED_DEVICE_FAMILY = "1,2";
				TEST_HOST = "$(BUILT_PRODUCTS_DIR)/SnipDesignSustainably.app/SnipDesignSustainably";
			};
			name = Release;
		};
		43822848259A455400103A4F /* Debug */ = {
			isa = XCBuildConfiguration;
			baseConfigurationReference = 43A89564048811C6B08BFBC8 /* Pods-SnipDesignSustainably-SnipDesignSustainablyUITests.debug.xcconfig */;
			buildSettings = {
				ALWAYS_EMBED_SWIFT_STANDARD_LIBRARIES = YES;
				CODE_SIGN_STYLE = Automatic;
				INFOPLIST_FILE = SnipDesignSustainablyUITests/Info.plist;
				LD_RUNPATH_SEARCH_PATHS = (
					"$(inherited)",
					"@executable_path/Frameworks",
					"@loader_path/Frameworks",
				);
				PRODUCT_BUNDLE_IDENTIFIER = "Aesthet-X-.SnipDesignSustainablyUITests";
				PRODUCT_NAME = "$(TARGET_NAME)";
				SWIFT_VERSION = 5.0;
				TARGETED_DEVICE_FAMILY = "1,2";
				TEST_TARGET_NAME = SnipDesignSustainably;
			};
			name = Debug;
		};
		43822849259A455400103A4F /* Release */ = {
			isa = XCBuildConfiguration;
			baseConfigurationReference = 96A1E609BA91C5237A6A3035 /* Pods-SnipDesignSustainably-SnipDesignSustainablyUITests.release.xcconfig */;
			buildSettings = {
				ALWAYS_EMBED_SWIFT_STANDARD_LIBRARIES = YES;
				CODE_SIGN_STYLE = Automatic;
				INFOPLIST_FILE = SnipDesignSustainablyUITests/Info.plist;
				LD_RUNPATH_SEARCH_PATHS = (
					"$(inherited)",
					"@executable_path/Frameworks",
					"@loader_path/Frameworks",
				);
				PRODUCT_BUNDLE_IDENTIFIER = "Aesthet-X-.SnipDesignSustainablyUITests";
				PRODUCT_NAME = "$(TARGET_NAME)";
				SWIFT_VERSION = 5.0;
				TARGETED_DEVICE_FAMILY = "1,2";
				TEST_TARGET_NAME = SnipDesignSustainably;
			};
			name = Release;
		};
/* End XCBuildConfiguration section */

/* Begin XCConfigurationList section */
		43822812259A455300103A4F /* Build configuration list for PBXProject "SnipDesignSustainably" */ = {
			isa = XCConfigurationList;
			buildConfigurations = (
				4382283F259A455400103A4F /* Debug */,
				43822840259A455400103A4F /* Release */,
			);
			defaultConfigurationIsVisible = 0;
			defaultConfigurationName = Release;
		};
		43822841259A455400103A4F /* Build configuration list for PBXNativeTarget "SnipDesignSustainably" */ = {
			isa = XCConfigurationList;
			buildConfigurations = (
				43822842259A455400103A4F /* Debug */,
				43822843259A455400103A4F /* Release */,
			);
			defaultConfigurationIsVisible = 0;
			defaultConfigurationName = Release;
		};
		43822844259A455400103A4F /* Build configuration list for PBXNativeTarget "SnipDesignSustainablyTests" */ = {
			isa = XCConfigurationList;
			buildConfigurations = (
				43822845259A455400103A4F /* Debug */,
				43822846259A455400103A4F /* Release */,
			);
			defaultConfigurationIsVisible = 0;
			defaultConfigurationName = Release;
		};
		43822847259A455400103A4F /* Build configuration list for PBXNativeTarget "SnipDesignSustainablyUITests" */ = {
			isa = XCConfigurationList;
			buildConfigurations = (
				43822848259A455400103A4F /* Debug */,
				43822849259A455400103A4F /* Release */,
			);
			defaultConfigurationIsVisible = 0;
			defaultConfigurationName = Release;
		};
/* End XCConfigurationList section */

/* Begin XCRemoteSwiftPackageReference section */
		4358E38C25C35CCE00695C73 /* XCRemoteSwiftPackageReference "Kingfisher" */ = {
			isa = XCRemoteSwiftPackageReference;
			repositoryURL = "https://github.com/onevcat/Kingfisher.git";
			requirement = {
				kind = upToNextMajorVersion;
				minimumVersion = 6.0.0;
			};
		};
		43E589EC25C357C800E6F759 /* XCRemoteSwiftPackageReference "SDWebImage" */ = {
			isa = XCRemoteSwiftPackageReference;
			repositoryURL = "https://github.com/SDWebImage/SDWebImage";
			requirement = {
				kind = upToNextMajorVersion;
				minimumVersion = 5.10.3;
			};
		};
/* End XCRemoteSwiftPackageReference section */

/* Begin XCSwiftPackageProductDependency section */
		4358E38D25C35CCE00695C73 /* Kingfisher */ = {
			isa = XCSwiftPackageProductDependency;
			package = 4358E38C25C35CCE00695C73 /* XCRemoteSwiftPackageReference "Kingfisher" */;
			productName = Kingfisher;
		};
/* End XCSwiftPackageProductDependency section */

/* Begin XCVersionGroup section */
		430AD42725E700770014C25F /* userLoginInfo.xcdatamodeld */ = {
			isa = XCVersionGroup;
			children = (
				430AD42825E700770014C25F /* userLoginInfo.xcdatamodel */,
			);
			currentVersion = 430AD42825E700770014C25F /* userLoginInfo.xcdatamodel */;
			path = userLoginInfo.xcdatamodeld;
			sourceTree = "<group>";
			versionGroupType = wrapper.xcdatamodel;
		};
/* End XCVersionGroup section */
	};
	rootObject = 4382280F259A455300103A4F /* Project object */;
}
